// !$*UTF8*$!
{
	archiveVersion = 1;
	classes = {
	};
	objectVersion = 51;
	objects = {

/* Begin PBXBuildFile section */
		6F03DF8526AA2B9F002872E9 /* HomeComponent+Mountains.swift in Sources */ = {isa = PBXBuildFile; fileRef = 6F03DF8426AA2B9F002872E9 /* HomeComponent+Mountains.swift */; };
		6F03DF8726AA3835002872E9 /* MountainsEmptyView.swift in Sources */ = {isa = PBXBuildFile; fileRef = 6F03DF8626AA3835002872E9 /* MountainsEmptyView.swift */; };
		6F03DF8926AA3840002872E9 /* MountainsEmptyView.xib in Resources */ = {isa = PBXBuildFile; fileRef = 6F03DF8826AA3840002872E9 /* MountainsEmptyView.xib */; };
		6F03DF8B26AA3A0B002872E9 /* RxCLLocationDelegateProxy.swift in Sources */ = {isa = PBXBuildFile; fileRef = 6F03DF8A26AA3A0B002872E9 /* RxCLLocationDelegateProxy.swift */; };
		6F1A61AA26CEBC6E009F0BE3 /* RestMarkerView.swift in Sources */ = {isa = PBXBuildFile; fileRef = 6F1A61A926CEBC6E009F0BE3 /* RestMarkerView.swift */; };
		6F1A61AC26CEBC77009F0BE3 /* RestMarkerView.xib in Resources */ = {isa = PBXBuildFile; fileRef = 6F1A61AB26CEBC77009F0BE3 /* RestMarkerView.xib */; };
		6F245F57268CCF6000DD4321 /* AppComponent.swift in Sources */ = {isa = PBXBuildFile; fileRef = 6F245F56268CCF6000DD4321 /* AppComponent.swift */; };
		6F245FAA268CD43D00DD4321 /* RootComponent+LoggedOut.swift in Sources */ = {isa = PBXBuildFile; fileRef = 6F245FA9268CD43D00DD4321 /* RootComponent+LoggedOut.swift */; };
		6F245FB6268CDE5500DD4321 /* Storyboard+.swift in Sources */ = {isa = PBXBuildFile; fileRef = 6F245FB5268CDE5500DD4321 /* Storyboard+.swift */; };
		6F245FBB268CDE8100DD4321 /* Object+.swift in Sources */ = {isa = PBXBuildFile; fileRef = 6F245FBA268CDE8100DD4321 /* Object+.swift */; };
		6F29C85826D7C61900B7343B /* RecordNaviBarCell.swift in Sources */ = {isa = PBXBuildFile; fileRef = 6F29C85626D7C61900B7343B /* RecordNaviBarCell.swift */; };
		6F29C85926D7C61900B7343B /* RecordNaviBarCell.xib in Resources */ = {isa = PBXBuildFile; fileRef = 6F29C85726D7C61900B7343B /* RecordNaviBarCell.xib */; };
		6F29C85C26D7E3E200B7343B /* RecordMapCell.swift in Sources */ = {isa = PBXBuildFile; fileRef = 6F29C85A26D7E3E200B7343B /* RecordMapCell.swift */; };
		6F29C85D26D7E3E200B7343B /* RecordMapCell.xib in Resources */ = {isa = PBXBuildFile; fileRef = 6F29C85B26D7E3E200B7343B /* RecordMapCell.xib */; };
		6F29C85F26D7E57B00B7343B /* UITableView+.swift in Sources */ = {isa = PBXBuildFile; fileRef = 6F29C85E26D7E57B00B7343B /* UITableView+.swift */; };
		6F29C86226D7E5F800B7343B /* RecordInfoCell.swift in Sources */ = {isa = PBXBuildFile; fileRef = 6F29C86026D7E5F800B7343B /* RecordInfoCell.swift */; };
		6F29C86326D7E5F800B7343B /* RecordInfoCell.xib in Resources */ = {isa = PBXBuildFile; fileRef = 6F29C86126D7E5F800B7343B /* RecordInfoCell.xib */; };
		6F30D00726416814007C4870 /* AppDelegate.swift in Sources */ = {isa = PBXBuildFile; fileRef = 6F30D00626416814007C4870 /* AppDelegate.swift */; };
		6F30D00926416814007C4870 /* SceneDelegate.swift in Sources */ = {isa = PBXBuildFile; fileRef = 6F30D00826416814007C4870 /* SceneDelegate.swift */; };
		6F30D00B26416814007C4870 /* ViewController.swift in Sources */ = {isa = PBXBuildFile; fileRef = 6F30D00A26416814007C4870 /* ViewController.swift */; };
		6F30D00E26416814007C4870 /* Main.storyboard in Resources */ = {isa = PBXBuildFile; fileRef = 6F30D00C26416814007C4870 /* Main.storyboard */; };
		6F30D01026416817007C4870 /* Assets.xcassets in Resources */ = {isa = PBXBuildFile; fileRef = 6F30D00F26416817007C4870 /* Assets.xcassets */; };
		6F30D01326416817007C4870 /* LaunchScreen.storyboard in Resources */ = {isa = PBXBuildFile; fileRef = 6F30D01126416817007C4870 /* LaunchScreen.storyboard */; };
		6F30D01E26416817007C4870 /* YahoTests.swift in Sources */ = {isa = PBXBuildFile; fileRef = 6F30D01D26416817007C4870 /* YahoTests.swift */; };
		6F30D02926416817007C4870 /* YahoUITests.swift in Sources */ = {isa = PBXBuildFile; fileRef = 6F30D02826416817007C4870 /* YahoUITests.swift */; };
		6F33EC2826D90B9A00C77E66 /* RecordSectionCell.swift in Sources */ = {isa = PBXBuildFile; fileRef = 6F33EC2626D90B9A00C77E66 /* RecordSectionCell.swift */; };
		6F33EC2926D90B9A00C77E66 /* RecordSectionCell.xib in Resources */ = {isa = PBXBuildFile; fileRef = 6F33EC2726D90B9A00C77E66 /* RecordSectionCell.xib */; };
		6F33EC2B26D90C4800C77E66 /* RecordDetailView.swift in Sources */ = {isa = PBXBuildFile; fileRef = 6F33EC2A26D90C4800C77E66 /* RecordDetailView.swift */; };
		6F33EC2D26D90C5000C77E66 /* RecordDetailView.xib in Resources */ = {isa = PBXBuildFile; fileRef = 6F33EC2C26D90C5000C77E66 /* RecordDetailView.xib */; };
		6F33EC3026D9121000C77E66 /* RecordTimeCell.swift in Sources */ = {isa = PBXBuildFile; fileRef = 6F33EC2E26D9121000C77E66 /* RecordTimeCell.swift */; };
		6F33EC3126D9121000C77E66 /* RecordTimeCell.xib in Resources */ = {isa = PBXBuildFile; fileRef = 6F33EC2F26D9121000C77E66 /* RecordTimeCell.xib */; };
		6F33EC3426D9158F00C77E66 /* RecordCell.swift in Sources */ = {isa = PBXBuildFile; fileRef = 6F33EC3226D9158E00C77E66 /* RecordCell.swift */; };
		6F33EC3526D9158F00C77E66 /* RecordCell.xib in Resources */ = {isa = PBXBuildFile; fileRef = 6F33EC3326D9158F00C77E66 /* RecordCell.xib */; };
		6F33EC3826D916B200C77E66 /* RecordValueCell.swift in Sources */ = {isa = PBXBuildFile; fileRef = 6F33EC3626D916B200C77E66 /* RecordValueCell.swift */; };
		6F33EC3926D916B200C77E66 /* RecordValueCell.xib in Resources */ = {isa = PBXBuildFile; fileRef = 6F33EC3726D916B200C77E66 /* RecordValueCell.xib */; };
		6F33EC3B26D923FB00C77E66 /* VisitCountStream.swift in Sources */ = {isa = PBXBuildFile; fileRef = 6F33EC3A26D923FB00C77E66 /* VisitCountStream.swift */; };
		6F3680ED2690B4F000826A07 /* RootActionableItem.swift in Sources */ = {isa = PBXBuildFile; fileRef = 6F3680EC2690B4F000826A07 /* RootActionableItem.swift */; };
		6F3680F22690B51900826A07 /* LoggedInActionableItem.swift in Sources */ = {isa = PBXBuildFile; fileRef = 6F3680F12690B51900826A07 /* LoggedInActionableItem.swift */; };
		6F3680F726921BD500826A07 /* GoogleService-Info.plist in Resources */ = {isa = PBXBuildFile; fileRef = 6F3680F626921BD500826A07 /* GoogleService-Info.plist */; };
		6F43A0FB26A1F0FE00F45114 /* MountainsRouter.swift in Sources */ = {isa = PBXBuildFile; fileRef = 6F43A0F726A1F0FE00F45114 /* MountainsRouter.swift */; };
		6F43A0FC26A1F0FE00F45114 /* MountainsViewController.swift in Sources */ = {isa = PBXBuildFile; fileRef = 6F43A0F826A1F0FE00F45114 /* MountainsViewController.swift */; };
		6F43A0FD26A1F0FE00F45114 /* MountainsBuilder.swift in Sources */ = {isa = PBXBuildFile; fileRef = 6F43A0F926A1F0FE00F45114 /* MountainsBuilder.swift */; };
		6F43A0FE26A1F0FE00F45114 /* MountainsInteractor.swift in Sources */ = {isa = PBXBuildFile; fileRef = 6F43A0FA26A1F0FE00F45114 /* MountainsInteractor.swift */; };
		6F43A10B26A1F26000F45114 /* LoggedInViewController.swift in Sources */ = {isa = PBXBuildFile; fileRef = 6F43A10A26A1F26000F45114 /* LoggedInViewController.swift */; };
		6F43A11726A476F000F45114 /* MountainView.swift in Sources */ = {isa = PBXBuildFile; fileRef = 6F43A11626A476F000F45114 /* MountainView.swift */; };
		6F43A11F26A476F800F45114 /* MountainView.xib in Resources */ = {isa = PBXBuildFile; fileRef = 6F43A11E26A476F800F45114 /* MountainView.xib */; };
		6F44CA9526D66EE4008A0AC3 /* Rx+StoreServiceProtocol.swift in Sources */ = {isa = PBXBuildFile; fileRef = 6F44CA9426D66EE4008A0AC3 /* Rx+StoreServiceProtocol.swift */; };
		6F44CA9726D675F4008A0AC3 /* HikingFinishAnimateViewController.swift in Sources */ = {isa = PBXBuildFile; fileRef = 6F44CA9626D675F4008A0AC3 /* HikingFinishAnimateViewController.swift */; };
		6F44CA9E26D696A1008A0AC3 /* RecordRouter.swift in Sources */ = {isa = PBXBuildFile; fileRef = 6F44CA9926D696A1008A0AC3 /* RecordRouter.swift */; };
		6F44CA9F26D696A1008A0AC3 /* Record.storyboard in Resources */ = {isa = PBXBuildFile; fileRef = 6F44CA9A26D696A1008A0AC3 /* Record.storyboard */; };
		6F44CAA026D696A1008A0AC3 /* RecordViewController.swift in Sources */ = {isa = PBXBuildFile; fileRef = 6F44CA9B26D696A1008A0AC3 /* RecordViewController.swift */; };
		6F44CAA126D696A1008A0AC3 /* RecordBuilder.swift in Sources */ = {isa = PBXBuildFile; fileRef = 6F44CA9C26D696A1008A0AC3 /* RecordBuilder.swift */; };
		6F44CAA226D696A1008A0AC3 /* RecordInteractor.swift in Sources */ = {isa = PBXBuildFile; fileRef = 6F44CA9D26D696A1008A0AC3 /* RecordInteractor.swift */; };
		6F44CAA426D69844008A0AC3 /* TripComponent+Record.swift in Sources */ = {isa = PBXBuildFile; fileRef = 6F44CAA326D69844008A0AC3 /* TripComponent+Record.swift */; };
		6F44CAA626D699DD008A0AC3 /* RecordDataSource.swift in Sources */ = {isa = PBXBuildFile; fileRef = 6F44CAA526D699DD008A0AC3 /* RecordDataSource.swift */; };
		6F47F5B82694A284002558CB /* LoggedInRouter.swift in Sources */ = {isa = PBXBuildFile; fileRef = 6F47F5B52694A284002558CB /* LoggedInRouter.swift */; };
		6F47F5B92694A284002558CB /* LoggedInBuilder.swift in Sources */ = {isa = PBXBuildFile; fileRef = 6F47F5B62694A284002558CB /* LoggedInBuilder.swift */; };
		6F47F5BA2694A284002558CB /* LoggedInInteractor.swift in Sources */ = {isa = PBXBuildFile; fileRef = 6F47F5B72694A284002558CB /* LoggedInInteractor.swift */; };
		6F47F5BF2694A590002558CB /* RootComponent+LoggedIn.swift in Sources */ = {isa = PBXBuildFile; fileRef = 6F47F5BE2694A590002558CB /* RootComponent+LoggedIn.swift */; };
		6F47F5E02694AB0D002558CB /* FireStoreManager.swift in Sources */ = {isa = PBXBuildFile; fileRef = 6F47F5DF2694AB0D002558CB /* FireStoreManager.swift */; };
		6F546C2726A072AC00472099 /* HomeButton.swift in Sources */ = {isa = PBXBuildFile; fileRef = 6F546C2626A072AC00472099 /* HomeButton.swift */; };
		6F546C2C26A072B300472099 /* HomeButton.xib in Resources */ = {isa = PBXBuildFile; fileRef = 6F546C2B26A072B300472099 /* HomeButton.xib */; };
		6F5E3B0726D15167002D965F /* Record.swift in Sources */ = {isa = PBXBuildFile; fileRef = 6F5E3B0626D15167002D965F /* Record.swift */; };
		6F5E3B0926D15695002D965F /* HikingAlertFinshViewController.swift in Sources */ = {isa = PBXBuildFile; fileRef = 6F5E3B0826D15695002D965F /* HikingAlertFinshViewController.swift */; };
		6F5E3B0B26D1593D002D965F /* VCFactoriable.swift in Sources */ = {isa = PBXBuildFile; fileRef = 6F5E3B0A26D1593D002D965F /* VCFactoriable.swift */; };
		6F5E3B0D26D15AD1002D965F /* Completable.swift in Sources */ = {isa = PBXBuildFile; fileRef = 6F5E3B0C26D15AD1002D965F /* Completable.swift */; };
		6F6DE74026934E7F00232DF4 /* Rx+.swift in Sources */ = {isa = PBXBuildFile; fileRef = 6F6DE73F26934E7F00232DF4 /* Rx+.swift */; };
		6F6F9220269E4B9600E6923D /* data.json in Resources */ = {isa = PBXBuildFile; fileRef = 6F6F920D269E4B9600E6923D /* data.json */; };
		6F6F9221269E4B9600E6923D /* img_10.png in Resources */ = {isa = PBXBuildFile; fileRef = 6F6F920F269E4B9600E6923D /* img_10.png */; };
		6F6F9222269E4B9600E6923D /* img_1.png in Resources */ = {isa = PBXBuildFile; fileRef = 6F6F9210269E4B9600E6923D /* img_1.png */; };
		6F6F9223269E4B9600E6923D /* img_0.png in Resources */ = {isa = PBXBuildFile; fileRef = 6F6F9211269E4B9600E6923D /* img_0.png */; };
		6F6F9224269E4B9600E6923D /* img_11.png in Resources */ = {isa = PBXBuildFile; fileRef = 6F6F9212269E4B9600E6923D /* img_11.png */; };
		6F6F9225269E4B9600E6923D /* img_13.png in Resources */ = {isa = PBXBuildFile; fileRef = 6F6F9213269E4B9600E6923D /* img_13.png */; };
		6F6F9226269E4B9600E6923D /* img_2.png in Resources */ = {isa = PBXBuildFile; fileRef = 6F6F9214269E4B9600E6923D /* img_2.png */; };
		6F6F9227269E4B9600E6923D /* img_3.png in Resources */ = {isa = PBXBuildFile; fileRef = 6F6F9215269E4B9600E6923D /* img_3.png */; };
		6F6F9228269E4B9600E6923D /* img_12.png in Resources */ = {isa = PBXBuildFile; fileRef = 6F6F9216269E4B9600E6923D /* img_12.png */; };
		6F6F9229269E4B9600E6923D /* img_16.png in Resources */ = {isa = PBXBuildFile; fileRef = 6F6F9217269E4B9600E6923D /* img_16.png */; };
		6F6F922A269E4B9600E6923D /* img_7.png in Resources */ = {isa = PBXBuildFile; fileRef = 6F6F9218269E4B9600E6923D /* img_7.png */; };
		6F6F922B269E4B9600E6923D /* img_6.png in Resources */ = {isa = PBXBuildFile; fileRef = 6F6F9219269E4B9600E6923D /* img_6.png */; };
		6F6F922C269E4B9600E6923D /* img_15.png in Resources */ = {isa = PBXBuildFile; fileRef = 6F6F921A269E4B9600E6923D /* img_15.png */; };
		6F6F922D269E4B9600E6923D /* img_4.png in Resources */ = {isa = PBXBuildFile; fileRef = 6F6F921B269E4B9600E6923D /* img_4.png */; };
		6F6F922E269E4B9600E6923D /* img_5.png in Resources */ = {isa = PBXBuildFile; fileRef = 6F6F921C269E4B9600E6923D /* img_5.png */; };
		6F6F922F269E4B9600E6923D /* img_14.png in Resources */ = {isa = PBXBuildFile; fileRef = 6F6F921D269E4B9600E6923D /* img_14.png */; };
		6F6F9230269E4B9600E6923D /* img_8.png in Resources */ = {isa = PBXBuildFile; fileRef = 6F6F921E269E4B9600E6923D /* img_8.png */; };
		6F6F9231269E4B9600E6923D /* img_9.png in Resources */ = {isa = PBXBuildFile; fileRef = 6F6F921F269E4B9600E6923D /* img_9.png */; };
		6F73986126BC000E0069B0AB /* HomeComponent+Selected.swift in Sources */ = {isa = PBXBuildFile; fileRef = 6F73986026BC000E0069B0AB /* HomeComponent+Selected.swift */; };
		6F73986726BC08760069B0AB /* CountRouter.swift in Sources */ = {isa = PBXBuildFile; fileRef = 6F73986326BC08760069B0AB /* CountRouter.swift */; };
		6F73986826BC08760069B0AB /* CountViewController.swift in Sources */ = {isa = PBXBuildFile; fileRef = 6F73986426BC08760069B0AB /* CountViewController.swift */; };
		6F73986926BC08760069B0AB /* CountBuilder.swift in Sources */ = {isa = PBXBuildFile; fileRef = 6F73986526BC08760069B0AB /* CountBuilder.swift */; };
		6F73986A26BC08760069B0AB /* CountInteractor.swift in Sources */ = {isa = PBXBuildFile; fileRef = 6F73986626BC08760069B0AB /* CountInteractor.swift */; };
		6F73986C26BC087E0069B0AB /* Trip.storyboard in Resources */ = {isa = PBXBuildFile; fileRef = 6F73986B26BC087E0069B0AB /* Trip.storyboard */; };
		6F75B76026AD449E00CEC9AA /* UIColor+.swift in Sources */ = {isa = PBXBuildFile; fileRef = 6F75B75F26AD449E00CEC9AA /* UIColor+.swift */; };
		6F75B76626AD4B3700CEC9AA /* SelectedRouter.swift in Sources */ = {isa = PBXBuildFile; fileRef = 6F75B76226AD4B3700CEC9AA /* SelectedRouter.swift */; };
		6F75B76726AD4B3700CEC9AA /* SelectedViewController.swift in Sources */ = {isa = PBXBuildFile; fileRef = 6F75B76326AD4B3700CEC9AA /* SelectedViewController.swift */; };
		6F75B76826AD4B3700CEC9AA /* SelectedBuilder.swift in Sources */ = {isa = PBXBuildFile; fileRef = 6F75B76426AD4B3700CEC9AA /* SelectedBuilder.swift */; };
		6F75B76926AD4B3700CEC9AA /* SelectedInteractor.swift in Sources */ = {isa = PBXBuildFile; fileRef = 6F75B76526AD4B3700CEC9AA /* SelectedInteractor.swift */; };
		6F75B76B26AD555500CEC9AA /* MountainComponent+Selected.swift in Sources */ = {isa = PBXBuildFile; fileRef = 6F75B76A26AD555500CEC9AA /* MountainComponent+Selected.swift */; };
		6F78B14C26D5531500EF6519 /* MountainStream.swift in Sources */ = {isa = PBXBuildFile; fileRef = 6F78B14B26D5531500EF6519 /* MountainStream.swift */; };
		6F78B14E26D5534800EF6519 /* RecordStream.swift in Sources */ = {isa = PBXBuildFile; fileRef = 6F78B14D26D5534800EF6519 /* RecordStream.swift */; };
		6F90552D26A861F2005B07D7 /* ModelProtocol.swift in Sources */ = {isa = PBXBuildFile; fileRef = 6F90552C26A861F2005B07D7 /* ModelProtocol.swift */; };
		6F90553826A865A5005B07D7 /* Mountain.swift in Sources */ = {isa = PBXBuildFile; fileRef = 6F90553726A865A5005B07D7 /* Mountain.swift */; };
		6FA140A8269DCBCA004B0486 /* TotalClimbing.swift in Sources */ = {isa = PBXBuildFile; fileRef = 6FA140A7269DCBCA004B0486 /* TotalClimbing.swift */; };
		6FA140B2269DD124004B0486 /* HomeRouter.swift in Sources */ = {isa = PBXBuildFile; fileRef = 6FA140AD269DD124004B0486 /* HomeRouter.swift */; };
		6FA140B3269DD124004B0486 /* Home.storyboard in Resources */ = {isa = PBXBuildFile; fileRef = 6FA140AE269DD124004B0486 /* Home.storyboard */; };
		6FA140B4269DD124004B0486 /* HomeViewController.swift in Sources */ = {isa = PBXBuildFile; fileRef = 6FA140AF269DD124004B0486 /* HomeViewController.swift */; };
		6FA140B5269DD124004B0486 /* HomeBuilder.swift in Sources */ = {isa = PBXBuildFile; fileRef = 6FA140B0269DD124004B0486 /* HomeBuilder.swift */; };
		6FA140B6269DD124004B0486 /* HomeInteractor.swift in Sources */ = {isa = PBXBuildFile; fileRef = 6FA140B1269DD124004B0486 /* HomeInteractor.swift */; };
		6FA140BF269DD2B8004B0486 /* StoreServiceProtocol.swift in Sources */ = {isa = PBXBuildFile; fileRef = 6FA140BE269DD2B8004B0486 /* StoreServiceProtocol.swift */; };
		6FA140C4269DD7AB004B0486 /* LoggedInComponent+Home.swift in Sources */ = {isa = PBXBuildFile; fileRef = 6FA140C3269DD7AB004B0486 /* LoggedInComponent+Home.swift */; };
		6FA882F826BC152E00CB8F18 /* UIViewController+.swift in Sources */ = {isa = PBXBuildFile; fileRef = 6FA882F726BC152E00CB8F18 /* UIViewController+.swift */; };
		6FB2178C2688B4B30079F109 /* RootRouter.swift in Sources */ = {isa = PBXBuildFile; fileRef = 6FB217882688B4B30079F109 /* RootRouter.swift */; };
		6FB2178D2688B4B30079F109 /* RootViewController.swift in Sources */ = {isa = PBXBuildFile; fileRef = 6FB217892688B4B30079F109 /* RootViewController.swift */; };
		6FB2178E2688B4B30079F109 /* RootBuilder.swift in Sources */ = {isa = PBXBuildFile; fileRef = 6FB2178A2688B4B30079F109 /* RootBuilder.swift */; };
		6FB2178F2688B4B30079F109 /* RootInteractor.swift in Sources */ = {isa = PBXBuildFile; fileRef = 6FB2178B2688B4B30079F109 /* RootInteractor.swift */; };
		6FB2179A2688B4FE0079F109 /* LoggedOutRouter.swift in Sources */ = {isa = PBXBuildFile; fileRef = 6FB217952688B4FE0079F109 /* LoggedOutRouter.swift */; };
		6FB2179B2688B4FE0079F109 /* LoggedOut.storyboard in Resources */ = {isa = PBXBuildFile; fileRef = 6FB217962688B4FE0079F109 /* LoggedOut.storyboard */; };
		6FB2179C2688B4FE0079F109 /* LoggedOutViewController.swift in Sources */ = {isa = PBXBuildFile; fileRef = 6FB217972688B4FE0079F109 /* LoggedOutViewController.swift */; };
		6FB2179D2688B4FE0079F109 /* LoggedOutBuilder.swift in Sources */ = {isa = PBXBuildFile; fileRef = 6FB217982688B4FE0079F109 /* LoggedOutBuilder.swift */; };
		6FB2179E2688B4FE0079F109 /* LoggedOutInteractor.swift in Sources */ = {isa = PBXBuildFile; fileRef = 6FB217992688B4FE0079F109 /* LoggedOutInteractor.swift */; };
		6FB217A72688BDD80079F109 /* Designable.swift in Sources */ = {isa = PBXBuildFile; fileRef = 6FB217A62688BDD80079F109 /* Designable.swift */; };
		6FC5258426BE4939006DBF23 /* MountainVisitCount.swift in Sources */ = {isa = PBXBuildFile; fileRef = 6FC5258326BE4939006DBF23 /* MountainVisitCount.swift */; };
		6FC5259126BE5D2F006DBF23 /* TripRouter.swift in Sources */ = {isa = PBXBuildFile; fileRef = 6FC5258E26BE5D2F006DBF23 /* TripRouter.swift */; };
		6FC5259226BE5D2F006DBF23 /* TripBuilder.swift in Sources */ = {isa = PBXBuildFile; fileRef = 6FC5258F26BE5D2F006DBF23 /* TripBuilder.swift */; };
		6FC5259326BE5D2F006DBF23 /* TripInteractor.swift in Sources */ = {isa = PBXBuildFile; fileRef = 6FC5259026BE5D2F006DBF23 /* TripInteractor.swift */; };
		6FC5259526BE5DC9006DBF23 /* HomeComponent+Trip.swift in Sources */ = {isa = PBXBuildFile; fileRef = 6FC5259426BE5DC9006DBF23 /* HomeComponent+Trip.swift */; };
		6FC5259726BE6068006DBF23 /* TripComponent+Count.swift in Sources */ = {isa = PBXBuildFile; fileRef = 6FC5259626BE6068006DBF23 /* TripComponent+Count.swift */; };
		6FCBC84B26A06C1C00A073CE /* HomeDataSource.swift in Sources */ = {isa = PBXBuildFile; fileRef = 6FCBC84A26A06C1C00A073CE /* HomeDataSource.swift */; };
		6FCBC85526A06EC300A073CE /* HomeCell.swift in Sources */ = {isa = PBXBuildFile; fileRef = 6FCBC85326A06EC300A073CE /* HomeCell.swift */; };
		6FCBC85626A06EC300A073CE /* HomeCell.xib in Resources */ = {isa = PBXBuildFile; fileRef = 6FCBC85426A06EC300A073CE /* HomeCell.xib */; };
		6FFB379926E3889E00AC1F25 /* RecordListRouter.swift in Sources */ = {isa = PBXBuildFile; fileRef = 6FFB379526E3889E00AC1F25 /* RecordListRouter.swift */; };
		6FFB379A26E3889E00AC1F25 /* RecordListViewController.swift in Sources */ = {isa = PBXBuildFile; fileRef = 6FFB379626E3889E00AC1F25 /* RecordListViewController.swift */; };
		6FFB379B26E3889E00AC1F25 /* RecordListBuilder.swift in Sources */ = {isa = PBXBuildFile; fileRef = 6FFB379726E3889E00AC1F25 /* RecordListBuilder.swift */; };
		6FFB379C26E3889E00AC1F25 /* RecordListInteractor.swift in Sources */ = {isa = PBXBuildFile; fileRef = 6FFB379826E3889E00AC1F25 /* RecordListInteractor.swift */; };
		6FFE370726C02D340027D8BD /* HikingRouter.swift in Sources */ = {isa = PBXBuildFile; fileRef = 6FFE370326C02D340027D8BD /* HikingRouter.swift */; };
		6FFE370826C02D340027D8BD /* HikingViewController.swift in Sources */ = {isa = PBXBuildFile; fileRef = 6FFE370426C02D340027D8BD /* HikingViewController.swift */; };
		6FFE370926C02D340027D8BD /* HikingBuilder.swift in Sources */ = {isa = PBXBuildFile; fileRef = 6FFE370526C02D340027D8BD /* HikingBuilder.swift */; };
		6FFE370A26C02D340027D8BD /* HikingInteractor.swift in Sources */ = {isa = PBXBuildFile; fileRef = 6FFE370626C02D340027D8BD /* HikingInteractor.swift */; };
		6FFE370D26C02E9A0027D8BD /* TripComponent+Hiking.swift in Sources */ = {isa = PBXBuildFile; fileRef = 6FFE370C26C02E9A0027D8BD /* TripComponent+Hiking.swift */; };
		CCF4B2785521A8FBF178DF06 /* Pods_Yaho.framework in Frameworks */ = {isa = PBXBuildFile; fileRef = E203C91E2F69C0A937F8A222 /* Pods_Yaho.framework */; };
/* End PBXBuildFile section */

/* Begin PBXContainerItemProxy section */
		6F30D01A26416817007C4870 /* PBXContainerItemProxy */ = {
			isa = PBXContainerItemProxy;
			containerPortal = 6F30CFFB26416814007C4870 /* Project object */;
			proxyType = 1;
			remoteGlobalIDString = 6F30D00226416814007C4870;
			remoteInfo = Yaho;
		};
		6F30D02526416817007C4870 /* PBXContainerItemProxy */ = {
			isa = PBXContainerItemProxy;
			containerPortal = 6F30CFFB26416814007C4870 /* Project object */;
			proxyType = 1;
			remoteGlobalIDString = 6F30D00226416814007C4870;
			remoteInfo = Yaho;
		};
/* End PBXContainerItemProxy section */

/* Begin PBXFileReference section */
		1CE1C58B74E8A3A46EF8C06E /* Pods-Yaho.debug.xcconfig */ = {isa = PBXFileReference; includeInIndex = 1; lastKnownFileType = text.xcconfig; name = "Pods-Yaho.debug.xcconfig"; path = "Target Support Files/Pods-Yaho/Pods-Yaho.debug.xcconfig"; sourceTree = "<group>"; };
		5778D38566C3967EC2F118DF /* Pods-Yaho.release.xcconfig */ = {isa = PBXFileReference; includeInIndex = 1; lastKnownFileType = text.xcconfig; name = "Pods-Yaho.release.xcconfig"; path = "Target Support Files/Pods-Yaho/Pods-Yaho.release.xcconfig"; sourceTree = "<group>"; };
		6F03DF8426AA2B9F002872E9 /* HomeComponent+Mountains.swift */ = {isa = PBXFileReference; lastKnownFileType = sourcecode.swift; path = "HomeComponent+Mountains.swift"; sourceTree = "<group>"; };
		6F03DF8626AA3835002872E9 /* MountainsEmptyView.swift */ = {isa = PBXFileReference; lastKnownFileType = sourcecode.swift; path = MountainsEmptyView.swift; sourceTree = "<group>"; };
		6F03DF8826AA3840002872E9 /* MountainsEmptyView.xib */ = {isa = PBXFileReference; lastKnownFileType = file.xib; path = MountainsEmptyView.xib; sourceTree = "<group>"; };
		6F03DF8A26AA3A0B002872E9 /* RxCLLocationDelegateProxy.swift */ = {isa = PBXFileReference; lastKnownFileType = sourcecode.swift; path = RxCLLocationDelegateProxy.swift; sourceTree = "<group>"; };
		6F1A61A926CEBC6E009F0BE3 /* RestMarkerView.swift */ = {isa = PBXFileReference; lastKnownFileType = sourcecode.swift; path = RestMarkerView.swift; sourceTree = "<group>"; };
		6F1A61AB26CEBC77009F0BE3 /* RestMarkerView.xib */ = {isa = PBXFileReference; lastKnownFileType = file.xib; path = RestMarkerView.xib; sourceTree = "<group>"; };
		6F245F56268CCF6000DD4321 /* AppComponent.swift */ = {isa = PBXFileReference; lastKnownFileType = sourcecode.swift; path = AppComponent.swift; sourceTree = "<group>"; };
		6F245FA9268CD43D00DD4321 /* RootComponent+LoggedOut.swift */ = {isa = PBXFileReference; lastKnownFileType = sourcecode.swift; path = "RootComponent+LoggedOut.swift"; sourceTree = "<group>"; };
		6F245FB5268CDE5500DD4321 /* Storyboard+.swift */ = {isa = PBXFileReference; lastKnownFileType = sourcecode.swift; path = "Storyboard+.swift"; sourceTree = "<group>"; };
		6F245FBA268CDE8100DD4321 /* Object+.swift */ = {isa = PBXFileReference; lastKnownFileType = sourcecode.swift; path = "Object+.swift"; sourceTree = "<group>"; };
		6F29C85626D7C61900B7343B /* RecordNaviBarCell.swift */ = {isa = PBXFileReference; lastKnownFileType = sourcecode.swift; path = RecordNaviBarCell.swift; sourceTree = "<group>"; };
		6F29C85726D7C61900B7343B /* RecordNaviBarCell.xib */ = {isa = PBXFileReference; lastKnownFileType = file.xib; path = RecordNaviBarCell.xib; sourceTree = "<group>"; };
		6F29C85A26D7E3E200B7343B /* RecordMapCell.swift */ = {isa = PBXFileReference; lastKnownFileType = sourcecode.swift; path = RecordMapCell.swift; sourceTree = "<group>"; };
		6F29C85B26D7E3E200B7343B /* RecordMapCell.xib */ = {isa = PBXFileReference; lastKnownFileType = file.xib; path = RecordMapCell.xib; sourceTree = "<group>"; };
		6F29C85E26D7E57B00B7343B /* UITableView+.swift */ = {isa = PBXFileReference; lastKnownFileType = sourcecode.swift; path = "UITableView+.swift"; sourceTree = "<group>"; };
		6F29C86026D7E5F800B7343B /* RecordInfoCell.swift */ = {isa = PBXFileReference; lastKnownFileType = sourcecode.swift; path = RecordInfoCell.swift; sourceTree = "<group>"; };
		6F29C86126D7E5F800B7343B /* RecordInfoCell.xib */ = {isa = PBXFileReference; lastKnownFileType = file.xib; path = RecordInfoCell.xib; sourceTree = "<group>"; };
		6F30D00326416814007C4870 /* Yaho.app */ = {isa = PBXFileReference; explicitFileType = wrapper.application; includeInIndex = 0; path = Yaho.app; sourceTree = BUILT_PRODUCTS_DIR; };
		6F30D00626416814007C4870 /* AppDelegate.swift */ = {isa = PBXFileReference; lastKnownFileType = sourcecode.swift; path = AppDelegate.swift; sourceTree = "<group>"; };
		6F30D00826416814007C4870 /* SceneDelegate.swift */ = {isa = PBXFileReference; lastKnownFileType = sourcecode.swift; path = SceneDelegate.swift; sourceTree = "<group>"; };
		6F30D00A26416814007C4870 /* ViewController.swift */ = {isa = PBXFileReference; lastKnownFileType = sourcecode.swift; path = ViewController.swift; sourceTree = "<group>"; };
		6F30D00D26416814007C4870 /* Base */ = {isa = PBXFileReference; lastKnownFileType = file.storyboard; name = Base; path = Base.lproj/Main.storyboard; sourceTree = "<group>"; };
		6F30D00F26416817007C4870 /* Assets.xcassets */ = {isa = PBXFileReference; lastKnownFileType = folder.assetcatalog; path = Assets.xcassets; sourceTree = "<group>"; };
		6F30D01226416817007C4870 /* Base */ = {isa = PBXFileReference; lastKnownFileType = file.storyboard; name = Base; path = Base.lproj/LaunchScreen.storyboard; sourceTree = "<group>"; };
		6F30D01426416817007C4870 /* Info.plist */ = {isa = PBXFileReference; lastKnownFileType = text.plist.xml; path = Info.plist; sourceTree = "<group>"; };
		6F30D01926416817007C4870 /* YahoTests.xctest */ = {isa = PBXFileReference; explicitFileType = wrapper.cfbundle; includeInIndex = 0; path = YahoTests.xctest; sourceTree = BUILT_PRODUCTS_DIR; };
		6F30D01D26416817007C4870 /* YahoTests.swift */ = {isa = PBXFileReference; lastKnownFileType = sourcecode.swift; path = YahoTests.swift; sourceTree = "<group>"; };
		6F30D01F26416817007C4870 /* Info.plist */ = {isa = PBXFileReference; lastKnownFileType = text.plist.xml; path = Info.plist; sourceTree = "<group>"; };
		6F30D02426416817007C4870 /* YahoUITests.xctest */ = {isa = PBXFileReference; explicitFileType = wrapper.cfbundle; includeInIndex = 0; path = YahoUITests.xctest; sourceTree = BUILT_PRODUCTS_DIR; };
		6F30D02826416817007C4870 /* YahoUITests.swift */ = {isa = PBXFileReference; lastKnownFileType = sourcecode.swift; path = YahoUITests.swift; sourceTree = "<group>"; };
		6F30D02A26416817007C4870 /* Info.plist */ = {isa = PBXFileReference; lastKnownFileType = text.plist.xml; path = Info.plist; sourceTree = "<group>"; };
		6F33EC2626D90B9A00C77E66 /* RecordSectionCell.swift */ = {isa = PBXFileReference; lastKnownFileType = sourcecode.swift; path = RecordSectionCell.swift; sourceTree = "<group>"; };
		6F33EC2726D90B9A00C77E66 /* RecordSectionCell.xib */ = {isa = PBXFileReference; lastKnownFileType = file.xib; path = RecordSectionCell.xib; sourceTree = "<group>"; };
		6F33EC2A26D90C4800C77E66 /* RecordDetailView.swift */ = {isa = PBXFileReference; lastKnownFileType = sourcecode.swift; path = RecordDetailView.swift; sourceTree = "<group>"; };
		6F33EC2C26D90C5000C77E66 /* RecordDetailView.xib */ = {isa = PBXFileReference; lastKnownFileType = file.xib; path = RecordDetailView.xib; sourceTree = "<group>"; };
		6F33EC2E26D9121000C77E66 /* RecordTimeCell.swift */ = {isa = PBXFileReference; lastKnownFileType = sourcecode.swift; path = RecordTimeCell.swift; sourceTree = "<group>"; };
		6F33EC2F26D9121000C77E66 /* RecordTimeCell.xib */ = {isa = PBXFileReference; lastKnownFileType = file.xib; path = RecordTimeCell.xib; sourceTree = "<group>"; };
		6F33EC3226D9158E00C77E66 /* RecordCell.swift */ = {isa = PBXFileReference; lastKnownFileType = sourcecode.swift; path = RecordCell.swift; sourceTree = "<group>"; };
		6F33EC3326D9158F00C77E66 /* RecordCell.xib */ = {isa = PBXFileReference; lastKnownFileType = file.xib; path = RecordCell.xib; sourceTree = "<group>"; };
		6F33EC3626D916B200C77E66 /* RecordValueCell.swift */ = {isa = PBXFileReference; lastKnownFileType = sourcecode.swift; path = RecordValueCell.swift; sourceTree = "<group>"; };
		6F33EC3726D916B200C77E66 /* RecordValueCell.xib */ = {isa = PBXFileReference; lastKnownFileType = file.xib; path = RecordValueCell.xib; sourceTree = "<group>"; };
		6F33EC3A26D923FB00C77E66 /* VisitCountStream.swift */ = {isa = PBXFileReference; lastKnownFileType = sourcecode.swift; path = VisitCountStream.swift; sourceTree = "<group>"; };
		6F3680EC2690B4F000826A07 /* RootActionableItem.swift */ = {isa = PBXFileReference; lastKnownFileType = sourcecode.swift; path = RootActionableItem.swift; sourceTree = "<group>"; };
		6F3680F12690B51900826A07 /* LoggedInActionableItem.swift */ = {isa = PBXFileReference; lastKnownFileType = sourcecode.swift; path = LoggedInActionableItem.swift; sourceTree = "<group>"; };
		6F3680F626921BD500826A07 /* GoogleService-Info.plist */ = {isa = PBXFileReference; fileEncoding = 4; lastKnownFileType = text.plist.xml; path = "GoogleService-Info.plist"; sourceTree = "<group>"; };
		6F43A0F726A1F0FE00F45114 /* MountainsRouter.swift */ = {isa = PBXFileReference; lastKnownFileType = sourcecode.swift; path = MountainsRouter.swift; sourceTree = "<group>"; };
		6F43A0F826A1F0FE00F45114 /* MountainsViewController.swift */ = {isa = PBXFileReference; lastKnownFileType = sourcecode.swift; path = MountainsViewController.swift; sourceTree = "<group>"; };
		6F43A0F926A1F0FE00F45114 /* MountainsBuilder.swift */ = {isa = PBXFileReference; lastKnownFileType = sourcecode.swift; path = MountainsBuilder.swift; sourceTree = "<group>"; };
		6F43A0FA26A1F0FE00F45114 /* MountainsInteractor.swift */ = {isa = PBXFileReference; lastKnownFileType = sourcecode.swift; path = MountainsInteractor.swift; sourceTree = "<group>"; };
		6F43A10A26A1F26000F45114 /* LoggedInViewController.swift */ = {isa = PBXFileReference; lastKnownFileType = sourcecode.swift; path = LoggedInViewController.swift; sourceTree = "<group>"; };
		6F43A11626A476F000F45114 /* MountainView.swift */ = {isa = PBXFileReference; lastKnownFileType = sourcecode.swift; path = MountainView.swift; sourceTree = "<group>"; };
		6F43A11E26A476F800F45114 /* MountainView.xib */ = {isa = PBXFileReference; lastKnownFileType = file.xib; path = MountainView.xib; sourceTree = "<group>"; };
		6F44CA9426D66EE4008A0AC3 /* Rx+StoreServiceProtocol.swift */ = {isa = PBXFileReference; lastKnownFileType = sourcecode.swift; path = "Rx+StoreServiceProtocol.swift"; sourceTree = "<group>"; };
		6F44CA9626D675F4008A0AC3 /* HikingFinishAnimateViewController.swift */ = {isa = PBXFileReference; lastKnownFileType = sourcecode.swift; path = HikingFinishAnimateViewController.swift; sourceTree = "<group>"; };
		6F44CA9926D696A1008A0AC3 /* RecordRouter.swift */ = {isa = PBXFileReference; lastKnownFileType = sourcecode.swift; path = RecordRouter.swift; sourceTree = "<group>"; };
		6F44CA9A26D696A1008A0AC3 /* Record.storyboard */ = {isa = PBXFileReference; lastKnownFileType = file.storyboard; path = Record.storyboard; sourceTree = "<group>"; };
		6F44CA9B26D696A1008A0AC3 /* RecordViewController.swift */ = {isa = PBXFileReference; lastKnownFileType = sourcecode.swift; path = RecordViewController.swift; sourceTree = "<group>"; };
		6F44CA9C26D696A1008A0AC3 /* RecordBuilder.swift */ = {isa = PBXFileReference; lastKnownFileType = sourcecode.swift; path = RecordBuilder.swift; sourceTree = "<group>"; };
		6F44CA9D26D696A1008A0AC3 /* RecordInteractor.swift */ = {isa = PBXFileReference; lastKnownFileType = sourcecode.swift; path = RecordInteractor.swift; sourceTree = "<group>"; };
		6F44CAA326D69844008A0AC3 /* TripComponent+Record.swift */ = {isa = PBXFileReference; lastKnownFileType = sourcecode.swift; path = "TripComponent+Record.swift"; sourceTree = "<group>"; };
		6F44CAA526D699DD008A0AC3 /* RecordDataSource.swift */ = {isa = PBXFileReference; lastKnownFileType = sourcecode.swift; path = RecordDataSource.swift; sourceTree = "<group>"; };
		6F47F5B52694A284002558CB /* LoggedInRouter.swift */ = {isa = PBXFileReference; lastKnownFileType = sourcecode.swift; path = LoggedInRouter.swift; sourceTree = "<group>"; };
		6F47F5B62694A284002558CB /* LoggedInBuilder.swift */ = {isa = PBXFileReference; lastKnownFileType = sourcecode.swift; path = LoggedInBuilder.swift; sourceTree = "<group>"; };
		6F47F5B72694A284002558CB /* LoggedInInteractor.swift */ = {isa = PBXFileReference; lastKnownFileType = sourcecode.swift; path = LoggedInInteractor.swift; sourceTree = "<group>"; };
		6F47F5BE2694A590002558CB /* RootComponent+LoggedIn.swift */ = {isa = PBXFileReference; lastKnownFileType = sourcecode.swift; path = "RootComponent+LoggedIn.swift"; sourceTree = "<group>"; };
		6F47F5DF2694AB0D002558CB /* FireStoreManager.swift */ = {isa = PBXFileReference; lastKnownFileType = sourcecode.swift; path = FireStoreManager.swift; sourceTree = "<group>"; };
		6F546C2626A072AC00472099 /* HomeButton.swift */ = {isa = PBXFileReference; lastKnownFileType = sourcecode.swift; path = HomeButton.swift; sourceTree = "<group>"; };
		6F546C2B26A072B300472099 /* HomeButton.xib */ = {isa = PBXFileReference; lastKnownFileType = file.xib; path = HomeButton.xib; sourceTree = "<group>"; };
		6F5E3B0626D15167002D965F /* Record.swift */ = {isa = PBXFileReference; lastKnownFileType = sourcecode.swift; path = Record.swift; sourceTree = "<group>"; };
		6F5E3B0826D15695002D965F /* HikingAlertFinshViewController.swift */ = {isa = PBXFileReference; lastKnownFileType = sourcecode.swift; path = HikingAlertFinshViewController.swift; sourceTree = "<group>"; };
		6F5E3B0A26D1593D002D965F /* VCFactoriable.swift */ = {isa = PBXFileReference; lastKnownFileType = sourcecode.swift; path = VCFactoriable.swift; sourceTree = "<group>"; };
		6F5E3B0C26D15AD1002D965F /* Completable.swift */ = {isa = PBXFileReference; lastKnownFileType = sourcecode.swift; path = Completable.swift; sourceTree = "<group>"; };
		6F6DE73F26934E7F00232DF4 /* Rx+.swift */ = {isa = PBXFileReference; lastKnownFileType = sourcecode.swift; path = "Rx+.swift"; sourceTree = "<group>"; };
		6F6F920D269E4B9600E6923D /* data.json */ = {isa = PBXFileReference; fileEncoding = 4; lastKnownFileType = text.json; path = data.json; sourceTree = "<group>"; };
		6F6F920F269E4B9600E6923D /* img_10.png */ = {isa = PBXFileReference; lastKnownFileType = image.png; path = img_10.png; sourceTree = "<group>"; };
		6F6F9210269E4B9600E6923D /* img_1.png */ = {isa = PBXFileReference; lastKnownFileType = image.png; path = img_1.png; sourceTree = "<group>"; };
		6F6F9211269E4B9600E6923D /* img_0.png */ = {isa = PBXFileReference; lastKnownFileType = image.png; path = img_0.png; sourceTree = "<group>"; };
		6F6F9212269E4B9600E6923D /* img_11.png */ = {isa = PBXFileReference; lastKnownFileType = image.png; path = img_11.png; sourceTree = "<group>"; };
		6F6F9213269E4B9600E6923D /* img_13.png */ = {isa = PBXFileReference; lastKnownFileType = image.png; path = img_13.png; sourceTree = "<group>"; };
		6F6F9214269E4B9600E6923D /* img_2.png */ = {isa = PBXFileReference; lastKnownFileType = image.png; path = img_2.png; sourceTree = "<group>"; };
		6F6F9215269E4B9600E6923D /* img_3.png */ = {isa = PBXFileReference; lastKnownFileType = image.png; path = img_3.png; sourceTree = "<group>"; };
		6F6F9216269E4B9600E6923D /* img_12.png */ = {isa = PBXFileReference; lastKnownFileType = image.png; path = img_12.png; sourceTree = "<group>"; };
		6F6F9217269E4B9600E6923D /* img_16.png */ = {isa = PBXFileReference; lastKnownFileType = image.png; path = img_16.png; sourceTree = "<group>"; };
		6F6F9218269E4B9600E6923D /* img_7.png */ = {isa = PBXFileReference; lastKnownFileType = image.png; path = img_7.png; sourceTree = "<group>"; };
		6F6F9219269E4B9600E6923D /* img_6.png */ = {isa = PBXFileReference; lastKnownFileType = image.png; path = img_6.png; sourceTree = "<group>"; };
		6F6F921A269E4B9600E6923D /* img_15.png */ = {isa = PBXFileReference; lastKnownFileType = image.png; path = img_15.png; sourceTree = "<group>"; };
		6F6F921B269E4B9600E6923D /* img_4.png */ = {isa = PBXFileReference; lastKnownFileType = image.png; path = img_4.png; sourceTree = "<group>"; };
		6F6F921C269E4B9600E6923D /* img_5.png */ = {isa = PBXFileReference; lastKnownFileType = image.png; path = img_5.png; sourceTree = "<group>"; };
		6F6F921D269E4B9600E6923D /* img_14.png */ = {isa = PBXFileReference; lastKnownFileType = image.png; path = img_14.png; sourceTree = "<group>"; };
		6F6F921E269E4B9600E6923D /* img_8.png */ = {isa = PBXFileReference; lastKnownFileType = image.png; path = img_8.png; sourceTree = "<group>"; };
		6F6F921F269E4B9600E6923D /* img_9.png */ = {isa = PBXFileReference; lastKnownFileType = image.png; path = img_9.png; sourceTree = "<group>"; };
		6F73986026BC000E0069B0AB /* HomeComponent+Selected.swift */ = {isa = PBXFileReference; lastKnownFileType = sourcecode.swift; path = "HomeComponent+Selected.swift"; sourceTree = "<group>"; };
		6F73986326BC08760069B0AB /* CountRouter.swift */ = {isa = PBXFileReference; lastKnownFileType = sourcecode.swift; path = CountRouter.swift; sourceTree = "<group>"; };
		6F73986426BC08760069B0AB /* CountViewController.swift */ = {isa = PBXFileReference; lastKnownFileType = sourcecode.swift; path = CountViewController.swift; sourceTree = "<group>"; };
		6F73986526BC08760069B0AB /* CountBuilder.swift */ = {isa = PBXFileReference; lastKnownFileType = sourcecode.swift; path = CountBuilder.swift; sourceTree = "<group>"; };
		6F73986626BC08760069B0AB /* CountInteractor.swift */ = {isa = PBXFileReference; lastKnownFileType = sourcecode.swift; path = CountInteractor.swift; sourceTree = "<group>"; };
		6F73986B26BC087E0069B0AB /* Trip.storyboard */ = {isa = PBXFileReference; lastKnownFileType = file.storyboard; path = Trip.storyboard; sourceTree = "<group>"; };
		6F75B75F26AD449E00CEC9AA /* UIColor+.swift */ = {isa = PBXFileReference; lastKnownFileType = sourcecode.swift; path = "UIColor+.swift"; sourceTree = "<group>"; };
		6F75B76226AD4B3700CEC9AA /* SelectedRouter.swift */ = {isa = PBXFileReference; lastKnownFileType = sourcecode.swift; path = SelectedRouter.swift; sourceTree = "<group>"; };
		6F75B76326AD4B3700CEC9AA /* SelectedViewController.swift */ = {isa = PBXFileReference; lastKnownFileType = sourcecode.swift; path = SelectedViewController.swift; sourceTree = "<group>"; };
		6F75B76426AD4B3700CEC9AA /* SelectedBuilder.swift */ = {isa = PBXFileReference; lastKnownFileType = sourcecode.swift; path = SelectedBuilder.swift; sourceTree = "<group>"; };
		6F75B76526AD4B3700CEC9AA /* SelectedInteractor.swift */ = {isa = PBXFileReference; lastKnownFileType = sourcecode.swift; path = SelectedInteractor.swift; sourceTree = "<group>"; };
		6F75B76A26AD555500CEC9AA /* MountainComponent+Selected.swift */ = {isa = PBXFileReference; lastKnownFileType = sourcecode.swift; path = "MountainComponent+Selected.swift"; sourceTree = "<group>"; };
		6F78B14B26D5531500EF6519 /* MountainStream.swift */ = {isa = PBXFileReference; lastKnownFileType = sourcecode.swift; path = MountainStream.swift; sourceTree = "<group>"; };
		6F78B14D26D5534800EF6519 /* RecordStream.swift */ = {isa = PBXFileReference; lastKnownFileType = sourcecode.swift; path = RecordStream.swift; sourceTree = "<group>"; };
		6F90552C26A861F2005B07D7 /* ModelProtocol.swift */ = {isa = PBXFileReference; lastKnownFileType = sourcecode.swift; path = ModelProtocol.swift; sourceTree = "<group>"; };
		6F90553726A865A5005B07D7 /* Mountain.swift */ = {isa = PBXFileReference; fileEncoding = 4; lastKnownFileType = sourcecode.swift; path = Mountain.swift; sourceTree = "<group>"; };
		6FA140A7269DCBCA004B0486 /* TotalClimbing.swift */ = {isa = PBXFileReference; lastKnownFileType = sourcecode.swift; path = TotalClimbing.swift; sourceTree = "<group>"; };
		6FA140AD269DD124004B0486 /* HomeRouter.swift */ = {isa = PBXFileReference; lastKnownFileType = sourcecode.swift; path = HomeRouter.swift; sourceTree = "<group>"; };
		6FA140AE269DD124004B0486 /* Home.storyboard */ = {isa = PBXFileReference; lastKnownFileType = file.storyboard; path = Home.storyboard; sourceTree = "<group>"; };
		6FA140AF269DD124004B0486 /* HomeViewController.swift */ = {isa = PBXFileReference; lastKnownFileType = sourcecode.swift; path = HomeViewController.swift; sourceTree = "<group>"; };
		6FA140B0269DD124004B0486 /* HomeBuilder.swift */ = {isa = PBXFileReference; lastKnownFileType = sourcecode.swift; path = HomeBuilder.swift; sourceTree = "<group>"; };
		6FA140B1269DD124004B0486 /* HomeInteractor.swift */ = {isa = PBXFileReference; lastKnownFileType = sourcecode.swift; path = HomeInteractor.swift; sourceTree = "<group>"; };
		6FA140BE269DD2B8004B0486 /* StoreServiceProtocol.swift */ = {isa = PBXFileReference; lastKnownFileType = sourcecode.swift; path = StoreServiceProtocol.swift; sourceTree = "<group>"; };
		6FA140C3269DD7AB004B0486 /* LoggedInComponent+Home.swift */ = {isa = PBXFileReference; lastKnownFileType = sourcecode.swift; path = "LoggedInComponent+Home.swift"; sourceTree = "<group>"; };
		6FA882F726BC152E00CB8F18 /* UIViewController+.swift */ = {isa = PBXFileReference; lastKnownFileType = sourcecode.swift; path = "UIViewController+.swift"; sourceTree = "<group>"; };
		6FB217882688B4B30079F109 /* RootRouter.swift */ = {isa = PBXFileReference; lastKnownFileType = sourcecode.swift; path = RootRouter.swift; sourceTree = "<group>"; };
		6FB217892688B4B30079F109 /* RootViewController.swift */ = {isa = PBXFileReference; lastKnownFileType = sourcecode.swift; path = RootViewController.swift; sourceTree = "<group>"; };
		6FB2178A2688B4B30079F109 /* RootBuilder.swift */ = {isa = PBXFileReference; lastKnownFileType = sourcecode.swift; path = RootBuilder.swift; sourceTree = "<group>"; };
		6FB2178B2688B4B30079F109 /* RootInteractor.swift */ = {isa = PBXFileReference; lastKnownFileType = sourcecode.swift; path = RootInteractor.swift; sourceTree = "<group>"; };
		6FB217952688B4FE0079F109 /* LoggedOutRouter.swift */ = {isa = PBXFileReference; lastKnownFileType = sourcecode.swift; path = LoggedOutRouter.swift; sourceTree = "<group>"; };
		6FB217962688B4FE0079F109 /* LoggedOut.storyboard */ = {isa = PBXFileReference; lastKnownFileType = file.storyboard; path = LoggedOut.storyboard; sourceTree = "<group>"; };
		6FB217972688B4FE0079F109 /* LoggedOutViewController.swift */ = {isa = PBXFileReference; lastKnownFileType = sourcecode.swift; path = LoggedOutViewController.swift; sourceTree = "<group>"; };
		6FB217982688B4FE0079F109 /* LoggedOutBuilder.swift */ = {isa = PBXFileReference; lastKnownFileType = sourcecode.swift; path = LoggedOutBuilder.swift; sourceTree = "<group>"; };
		6FB217992688B4FE0079F109 /* LoggedOutInteractor.swift */ = {isa = PBXFileReference; lastKnownFileType = sourcecode.swift; path = LoggedOutInteractor.swift; sourceTree = "<group>"; };
		6FB217A62688BDD80079F109 /* Designable.swift */ = {isa = PBXFileReference; lastKnownFileType = sourcecode.swift; path = Designable.swift; sourceTree = "<group>"; };
		6FC5258326BE4939006DBF23 /* MountainVisitCount.swift */ = {isa = PBXFileReference; lastKnownFileType = sourcecode.swift; path = MountainVisitCount.swift; sourceTree = "<group>"; };
		6FC5258E26BE5D2F006DBF23 /* TripRouter.swift */ = {isa = PBXFileReference; lastKnownFileType = sourcecode.swift; path = TripRouter.swift; sourceTree = "<group>"; };
		6FC5258F26BE5D2F006DBF23 /* TripBuilder.swift */ = {isa = PBXFileReference; lastKnownFileType = sourcecode.swift; path = TripBuilder.swift; sourceTree = "<group>"; };
		6FC5259026BE5D2F006DBF23 /* TripInteractor.swift */ = {isa = PBXFileReference; lastKnownFileType = sourcecode.swift; path = TripInteractor.swift; sourceTree = "<group>"; };
		6FC5259426BE5DC9006DBF23 /* HomeComponent+Trip.swift */ = {isa = PBXFileReference; lastKnownFileType = sourcecode.swift; path = "HomeComponent+Trip.swift"; sourceTree = "<group>"; };
		6FC5259626BE6068006DBF23 /* TripComponent+Count.swift */ = {isa = PBXFileReference; lastKnownFileType = sourcecode.swift; path = "TripComponent+Count.swift"; sourceTree = "<group>"; };
		6FCBC84A26A06C1C00A073CE /* HomeDataSource.swift */ = {isa = PBXFileReference; lastKnownFileType = sourcecode.swift; path = HomeDataSource.swift; sourceTree = "<group>"; };
		6FCBC85326A06EC300A073CE /* HomeCell.swift */ = {isa = PBXFileReference; lastKnownFileType = sourcecode.swift; path = HomeCell.swift; sourceTree = "<group>"; };
		6FCBC85426A06EC300A073CE /* HomeCell.xib */ = {isa = PBXFileReference; lastKnownFileType = file.xib; path = HomeCell.xib; sourceTree = "<group>"; };
		6FFB379526E3889E00AC1F25 /* RecordListRouter.swift */ = {isa = PBXFileReference; lastKnownFileType = sourcecode.swift; path = RecordListRouter.swift; sourceTree = "<group>"; };
		6FFB379626E3889E00AC1F25 /* RecordListViewController.swift */ = {isa = PBXFileReference; lastKnownFileType = sourcecode.swift; path = RecordListViewController.swift; sourceTree = "<group>"; };
		6FFB379726E3889E00AC1F25 /* RecordListBuilder.swift */ = {isa = PBXFileReference; lastKnownFileType = sourcecode.swift; path = RecordListBuilder.swift; sourceTree = "<group>"; };
		6FFB379826E3889E00AC1F25 /* RecordListInteractor.swift */ = {isa = PBXFileReference; lastKnownFileType = sourcecode.swift; path = RecordListInteractor.swift; sourceTree = "<group>"; };
		6FFE370326C02D340027D8BD /* HikingRouter.swift */ = {isa = PBXFileReference; lastKnownFileType = sourcecode.swift; path = HikingRouter.swift; sourceTree = "<group>"; };
		6FFE370426C02D340027D8BD /* HikingViewController.swift */ = {isa = PBXFileReference; lastKnownFileType = sourcecode.swift; path = HikingViewController.swift; sourceTree = "<group>"; };
		6FFE370526C02D340027D8BD /* HikingBuilder.swift */ = {isa = PBXFileReference; lastKnownFileType = sourcecode.swift; path = HikingBuilder.swift; sourceTree = "<group>"; };
		6FFE370626C02D340027D8BD /* HikingInteractor.swift */ = {isa = PBXFileReference; lastKnownFileType = sourcecode.swift; path = HikingInteractor.swift; sourceTree = "<group>"; };
		6FFE370C26C02E9A0027D8BD /* TripComponent+Hiking.swift */ = {isa = PBXFileReference; lastKnownFileType = sourcecode.swift; path = "TripComponent+Hiking.swift"; sourceTree = "<group>"; };
		E203C91E2F69C0A937F8A222 /* Pods_Yaho.framework */ = {isa = PBXFileReference; explicitFileType = wrapper.framework; includeInIndex = 0; path = Pods_Yaho.framework; sourceTree = BUILT_PRODUCTS_DIR; };
/* End PBXFileReference section */

/* Begin PBXFrameworksBuildPhase section */
		6F30D00026416814007C4870 /* Frameworks */ = {
			isa = PBXFrameworksBuildPhase;
			buildActionMask = 2147483647;
			files = (
				CCF4B2785521A8FBF178DF06 /* Pods_Yaho.framework in Frameworks */,
			);
			runOnlyForDeploymentPostprocessing = 0;
		};
		6F30D01626416817007C4870 /* Frameworks */ = {
			isa = PBXFrameworksBuildPhase;
			buildActionMask = 2147483647;
			files = (
			);
			runOnlyForDeploymentPostprocessing = 0;
		};
		6F30D02126416817007C4870 /* Frameworks */ = {
			isa = PBXFrameworksBuildPhase;
			buildActionMask = 2147483647;
			files = (
			);
			runOnlyForDeploymentPostprocessing = 0;
		};
/* End PBXFrameworksBuildPhase section */

/* Begin PBXGroup section */
		51BDED9ADEE5634757632CCB /* Pods */ = {
			isa = PBXGroup;
			children = (
				1CE1C58B74E8A3A46EF8C06E /* Pods-Yaho.debug.xcconfig */,
				5778D38566C3967EC2F118DF /* Pods-Yaho.release.xcconfig */,
			);
			path = Pods;
			sourceTree = "<group>";
		};
		6F1A61A826CEBC58009F0BE3 /* View */ = {
			isa = PBXGroup;
			children = (
				6F1A61A926CEBC6E009F0BE3 /* RestMarkerView.swift */,
				6F1A61AB26CEBC77009F0BE3 /* RestMarkerView.xib */,
				6F5E3B0826D15695002D965F /* HikingAlertFinshViewController.swift */,
				6F44CA9626D675F4008A0AC3 /* HikingFinishAnimateViewController.swift */,
			);
			path = View;
			sourceTree = "<group>";
		};
		6F245F54268CCF3D00DD4321 /* Ribs */ = {
			isa = PBXGroup;
			children = (
				6FB217932688B4BA0079F109 /* Root */,
				6FB217942688B4E50079F109 /* LoggedOut */,
				6F47F59A2694A1E1002558CB /* LoggedIn */,
				6FA140AC269DD110004B0486 /* Home */,
				6F43A0F626A1EFA900F45114 /* Mountains */,
				6F75B76126AD4B1E00CEC9AA /* Selected */,
				6FC5258526BE53BF006DBF23 /* Trip */,
				6F73986226BC08390069B0AB /* Count */,
				6FFE370B26C02D3A0027D8BD /* Hiking */,
				6FFB379426E3888600AC1F25 /* RecordList */,
				6F44CA9826D67862008A0AC3 /* Record */,
			);
			path = Ribs;
			sourceTree = "<group>";
		};
		6F245F55268CCF4900DD4321 /* AppStart */ = {
			isa = PBXGroup;
			children = (
				6F30D00626416814007C4870 /* AppDelegate.swift */,
				6F30D00826416814007C4870 /* SceneDelegate.swift */,
				6F245F56268CCF6000DD4321 /* AppComponent.swift */,
			);
			path = AppStart;
			sourceTree = "<group>";
		};
		6F245FB4268CDE4300DD4321 /* Extension */ = {
			isa = PBXGroup;
			children = (
				6F245FB5268CDE5500DD4321 /* Storyboard+.swift */,
				6F245FBA268CDE8100DD4321 /* Object+.swift */,
				6F6DE73F26934E7F00232DF4 /* Rx+.swift */,
				6F03DF8A26AA3A0B002872E9 /* RxCLLocationDelegateProxy.swift */,
				6F75B75F26AD449E00CEC9AA /* UIColor+.swift */,
				6FA882F726BC152E00CB8F18 /* UIViewController+.swift */,
				6F5E3B0A26D1593D002D965F /* VCFactoriable.swift */,
				6F5E3B0C26D15AD1002D965F /* Completable.swift */,
				6F29C85E26D7E57B00B7343B /* UITableView+.swift */,
			);
			path = Extension;
			sourceTree = "<group>";
		};
		6F29C85526D7C5F700B7343B /* Cell */ = {
			isa = PBXGroup;
			children = (
				6F29C85626D7C61900B7343B /* RecordNaviBarCell.swift */,
				6F29C85726D7C61900B7343B /* RecordNaviBarCell.xib */,
				6F29C85A26D7E3E200B7343B /* RecordMapCell.swift */,
				6F29C85B26D7E3E200B7343B /* RecordMapCell.xib */,
				6F29C86026D7E5F800B7343B /* RecordInfoCell.swift */,
				6F29C86126D7E5F800B7343B /* RecordInfoCell.xib */,
				6F33EC2626D90B9A00C77E66 /* RecordSectionCell.swift */,
				6F33EC2726D90B9A00C77E66 /* RecordSectionCell.xib */,
				6F33EC2A26D90C4800C77E66 /* RecordDetailView.swift */,
				6F33EC2C26D90C5000C77E66 /* RecordDetailView.xib */,
				6F33EC2E26D9121000C77E66 /* RecordTimeCell.swift */,
				6F33EC2F26D9121000C77E66 /* RecordTimeCell.xib */,
				6F33EC3226D9158E00C77E66 /* RecordCell.swift */,
				6F33EC3326D9158F00C77E66 /* RecordCell.xib */,
				6F33EC3626D916B200C77E66 /* RecordValueCell.swift */,
				6F33EC3726D916B200C77E66 /* RecordValueCell.xib */,
			);
			path = Cell;
			sourceTree = "<group>";
		};
		6F30CFFA26416814007C4870 = {
			isa = PBXGroup;
			children = (
				6F30D00526416814007C4870 /* Yaho */,
				6F30D01C26416817007C4870 /* YahoTests */,
				6F30D02726416817007C4870 /* YahoUITests */,
				6F30D00426416814007C4870 /* Products */,
				51BDED9ADEE5634757632CCB /* Pods */,
				BE1225DDDD917DD64D66270D /* Frameworks */,
			);
			sourceTree = "<group>";
		};
		6F30D00426416814007C4870 /* Products */ = {
			isa = PBXGroup;
			children = (
				6F30D00326416814007C4870 /* Yaho.app */,
				6F30D01926416817007C4870 /* YahoTests.xctest */,
				6F30D02426416817007C4870 /* YahoUITests.xctest */,
			);
			name = Products;
			sourceTree = "<group>";
		};
		6F30D00526416814007C4870 /* Yaho */ = {
			isa = PBXGroup;
			children = (
				6F30D00A26416814007C4870 /* ViewController.swift */,
				6F245F55268CCF4900DD4321 /* AppStart */,
				6F3680EB2690B4D700826A07 /* ActionableItems */,
				6FA140A6269DCBA5004B0486 /* Model */,
				6F78B14A26D552FF00EF6519 /* Stream */,
				6FA140BD269DD29B004B0486 /* Services */,
				6F6F9238269E4CA000E6923D /* Storyboard */,
				6F245F54268CCF3D00DD4321 /* Ribs */,
				6FB217A52688BDC80079F109 /* Components */,
				6F245FB4268CDE4300DD4321 /* Extension */,
				6F6F920B269E4B7600E6923D /* Resource */,
				6F3680F626921BD500826A07 /* GoogleService-Info.plist */,
				6F30D00C26416814007C4870 /* Main.storyboard */,
				6F30D00F26416817007C4870 /* Assets.xcassets */,
				6F30D01126416817007C4870 /* LaunchScreen.storyboard */,
				6F30D01426416817007C4870 /* Info.plist */,
			);
			path = Yaho;
			sourceTree = "<group>";
		};
		6F30D01C26416817007C4870 /* YahoTests */ = {
			isa = PBXGroup;
			children = (
				6F30D01D26416817007C4870 /* YahoTests.swift */,
				6F30D01F26416817007C4870 /* Info.plist */,
			);
			path = YahoTests;
			sourceTree = "<group>";
		};
		6F30D02726416817007C4870 /* YahoUITests */ = {
			isa = PBXGroup;
			children = (
				6F30D02826416817007C4870 /* YahoUITests.swift */,
				6F30D02A26416817007C4870 /* Info.plist */,
			);
			path = YahoUITests;
			sourceTree = "<group>";
		};
		6F3680EB2690B4D700826A07 /* ActionableItems */ = {
			isa = PBXGroup;
			children = (
				6F3680EC2690B4F000826A07 /* RootActionableItem.swift */,
				6F3680F12690B51900826A07 /* LoggedInActionableItem.swift */,
			);
			path = ActionableItems;
			sourceTree = "<group>";
		};
		6F43A0F626A1EFA900F45114 /* Mountains */ = {
			isa = PBXGroup;
			children = (
				6F43A0F926A1F0FE00F45114 /* MountainsBuilder.swift */,
				6F43A0F726A1F0FE00F45114 /* MountainsRouter.swift */,
				6F43A0FA26A1F0FE00F45114 /* MountainsInteractor.swift */,
				6F43A0F826A1F0FE00F45114 /* MountainsViewController.swift */,
				6F75B76A26AD555500CEC9AA /* MountainComponent+Selected.swift */,
				6F43A11526A476D100F45114 /* View */,
			);
			path = Mountains;
			sourceTree = "<group>";
		};
		6F43A11526A476D100F45114 /* View */ = {
			isa = PBXGroup;
			children = (
				6F43A11626A476F000F45114 /* MountainView.swift */,
				6F43A11E26A476F800F45114 /* MountainView.xib */,
				6F03DF8626AA3835002872E9 /* MountainsEmptyView.swift */,
				6F03DF8826AA3840002872E9 /* MountainsEmptyView.xib */,
			);
			path = View;
			sourceTree = "<group>";
		};
		6F44CA9826D67862008A0AC3 /* Record */ = {
			isa = PBXGroup;
			children = (
				6F44CA9C26D696A1008A0AC3 /* RecordBuilder.swift */,
				6F44CA9926D696A1008A0AC3 /* RecordRouter.swift */,
				6F44CA9D26D696A1008A0AC3 /* RecordInteractor.swift */,
				6F44CA9B26D696A1008A0AC3 /* RecordViewController.swift */,
				6F44CAA526D699DD008A0AC3 /* RecordDataSource.swift */,
				6F29C85526D7C5F700B7343B /* Cell */,
			);
			path = Record;
			sourceTree = "<group>";
		};
		6F47F59A2694A1E1002558CB /* LoggedIn */ = {
			isa = PBXGroup;
			children = (
				6F47F5B62694A284002558CB /* LoggedInBuilder.swift */,
				6F47F5B52694A284002558CB /* LoggedInRouter.swift */,
				6F47F5B72694A284002558CB /* LoggedInInteractor.swift */,
				6F43A10A26A1F26000F45114 /* LoggedInViewController.swift */,
				6FA140C3269DD7AB004B0486 /* LoggedInComponent+Home.swift */,
			);
			path = LoggedIn;
			sourceTree = "<group>";
		};
		6F6F920B269E4B7600E6923D /* Resource */ = {
			isa = PBXGroup;
			children = (
				6F6F920C269E4B8800E6923D /* Lottie */,
			);
			path = Resource;
			sourceTree = "<group>";
		};
		6F6F920C269E4B8800E6923D /* Lottie */ = {
			isa = PBXGroup;
			children = (
				6F6F920D269E4B9600E6923D /* data.json */,
				6F6F920E269E4B9600E6923D /* images */,
			);
			path = Lottie;
			sourceTree = "<group>";
		};
		6F6F920E269E4B9600E6923D /* images */ = {
			isa = PBXGroup;
			children = (
				6F6F920F269E4B9600E6923D /* img_10.png */,
				6F6F9210269E4B9600E6923D /* img_1.png */,
				6F6F9211269E4B9600E6923D /* img_0.png */,
				6F6F9212269E4B9600E6923D /* img_11.png */,
				6F6F9213269E4B9600E6923D /* img_13.png */,
				6F6F9214269E4B9600E6923D /* img_2.png */,
				6F6F9215269E4B9600E6923D /* img_3.png */,
				6F6F9216269E4B9600E6923D /* img_12.png */,
				6F6F9217269E4B9600E6923D /* img_16.png */,
				6F6F9218269E4B9600E6923D /* img_7.png */,
				6F6F9219269E4B9600E6923D /* img_6.png */,
				6F6F921A269E4B9600E6923D /* img_15.png */,
				6F6F921B269E4B9600E6923D /* img_4.png */,
				6F6F921C269E4B9600E6923D /* img_5.png */,
				6F6F921D269E4B9600E6923D /* img_14.png */,
				6F6F921E269E4B9600E6923D /* img_8.png */,
				6F6F921F269E4B9600E6923D /* img_9.png */,
			);
			path = images;
			sourceTree = "<group>";
		};
		6F6F9238269E4CA000E6923D /* Storyboard */ = {
			isa = PBXGroup;
			children = (
				6F73986B26BC087E0069B0AB /* Trip.storyboard */,
				6FB217962688B4FE0079F109 /* LoggedOut.storyboard */,
				6FA140AE269DD124004B0486 /* Home.storyboard */,
				6F44CA9A26D696A1008A0AC3 /* Record.storyboard */,
			);
			path = Storyboard;
			sourceTree = "<group>";
		};
		6F73986226BC08390069B0AB /* Count */ = {
			isa = PBXGroup;
			children = (
				6F73986526BC08760069B0AB /* CountBuilder.swift */,
				6F73986326BC08760069B0AB /* CountRouter.swift */,
				6F73986426BC08760069B0AB /* CountViewController.swift */,
				6F73986626BC08760069B0AB /* CountInteractor.swift */,
			);
			path = Count;
			sourceTree = "<group>";
		};
		6F75B76126AD4B1E00CEC9AA /* Selected */ = {
			isa = PBXGroup;
			children = (
				6F75B76426AD4B3700CEC9AA /* SelectedBuilder.swift */,
				6F75B76226AD4B3700CEC9AA /* SelectedRouter.swift */,
				6F75B76326AD4B3700CEC9AA /* SelectedViewController.swift */,
				6F75B76526AD4B3700CEC9AA /* SelectedInteractor.swift */,
			);
			path = Selected;
			sourceTree = "<group>";
		};
		6F78B14A26D552FF00EF6519 /* Stream */ = {
			isa = PBXGroup;
			children = (
				6F78B14B26D5531500EF6519 /* MountainStream.swift */,
				6F33EC3A26D923FB00C77E66 /* VisitCountStream.swift */,
				6F78B14D26D5534800EF6519 /* RecordStream.swift */,
			);
			path = Stream;
			sourceTree = "<group>";
		};
		6FA140A6269DCBA5004B0486 /* Model */ = {
			isa = PBXGroup;
			children = (
				6F90552C26A861F2005B07D7 /* ModelProtocol.swift */,
				6FA140A7269DCBCA004B0486 /* TotalClimbing.swift */,
				6FC5258326BE4939006DBF23 /* MountainVisitCount.swift */,
				6F90553726A865A5005B07D7 /* Mountain.swift */,
				6F5E3B0626D15167002D965F /* Record.swift */,
			);
			path = Model;
			sourceTree = "<group>";
		};
		6FA140AC269DD110004B0486 /* Home */ = {
			isa = PBXGroup;
			children = (
				6FA140B0269DD124004B0486 /* HomeBuilder.swift */,
				6FA140AD269DD124004B0486 /* HomeRouter.swift */,
				6FA140AF269DD124004B0486 /* HomeViewController.swift */,
				6FA140B1269DD124004B0486 /* HomeInteractor.swift */,
				6FCBC84A26A06C1C00A073CE /* HomeDataSource.swift */,
				6F03DF8426AA2B9F002872E9 /* HomeComponent+Mountains.swift */,
				6F73986026BC000E0069B0AB /* HomeComponent+Selected.swift */,
				6FC5259426BE5DC9006DBF23 /* HomeComponent+Trip.swift */,
				6FCBC85226A06EB100A073CE /* View */,
			);
			path = Home;
			sourceTree = "<group>";
		};
		6FA140BD269DD29B004B0486 /* Services */ = {
			isa = PBXGroup;
			children = (
				6FA140BE269DD2B8004B0486 /* StoreServiceProtocol.swift */,
				6F47F5DF2694AB0D002558CB /* FireStoreManager.swift */,
				6F44CA9426D66EE4008A0AC3 /* Rx+StoreServiceProtocol.swift */,
			);
			path = Services;
			sourceTree = "<group>";
		};
		6FB217932688B4BA0079F109 /* Root */ = {
			isa = PBXGroup;
			children = (
				6FB2178A2688B4B30079F109 /* RootBuilder.swift */,
				6FB217882688B4B30079F109 /* RootRouter.swift */,
				6FB217892688B4B30079F109 /* RootViewController.swift */,
				6FB2178B2688B4B30079F109 /* RootInteractor.swift */,
				6F245FA9268CD43D00DD4321 /* RootComponent+LoggedOut.swift */,
				6F47F5BE2694A590002558CB /* RootComponent+LoggedIn.swift */,
			);
			path = Root;
			sourceTree = "<group>";
		};
		6FB217942688B4E50079F109 /* LoggedOut */ = {
			isa = PBXGroup;
			children = (
				6FB217982688B4FE0079F109 /* LoggedOutBuilder.swift */,
				6FB217952688B4FE0079F109 /* LoggedOutRouter.swift */,
				6FB217972688B4FE0079F109 /* LoggedOutViewController.swift */,
				6FB217992688B4FE0079F109 /* LoggedOutInteractor.swift */,
			);
			path = LoggedOut;
			sourceTree = "<group>";
		};
		6FB217A52688BDC80079F109 /* Components */ = {
			isa = PBXGroup;
			children = (
				6FB217A62688BDD80079F109 /* Designable.swift */,
			);
			path = Components;
			sourceTree = "<group>";
		};
		6FC5258526BE53BF006DBF23 /* Trip */ = {
			isa = PBXGroup;
			children = (
				6FC5258F26BE5D2F006DBF23 /* TripBuilder.swift */,
				6FC5258E26BE5D2F006DBF23 /* TripRouter.swift */,
				6FC5259026BE5D2F006DBF23 /* TripInteractor.swift */,
				6FC5259626BE6068006DBF23 /* TripComponent+Count.swift */,
				6FFE370C26C02E9A0027D8BD /* TripComponent+Hiking.swift */,
				6F44CAA326D69844008A0AC3 /* TripComponent+Record.swift */,
			);
			path = Trip;
			sourceTree = "<group>";
		};
		6FCBC85226A06EB100A073CE /* View */ = {
			isa = PBXGroup;
			children = (
				6FCBC85326A06EC300A073CE /* HomeCell.swift */,
				6FCBC85426A06EC300A073CE /* HomeCell.xib */,
				6F546C2626A072AC00472099 /* HomeButton.swift */,
				6F546C2B26A072B300472099 /* HomeButton.xib */,
			);
			path = View;
			sourceTree = "<group>";
		};
		6FFB379426E3888600AC1F25 /* RecordList */ = {
			isa = PBXGroup;
			children = (
				6FFB379526E3889E00AC1F25 /* RecordListRouter.swift */,
				6FFB379626E3889E00AC1F25 /* RecordListViewController.swift */,
				6FFB379726E3889E00AC1F25 /* RecordListBuilder.swift */,
				6FFB379826E3889E00AC1F25 /* RecordListInteractor.swift */,
			);
			path = RecordList;
			sourceTree = "<group>";
		};
		6FFE370B26C02D3A0027D8BD /* Hiking */ = {
			isa = PBXGroup;
			children = (
				6FFE370526C02D340027D8BD /* HikingBuilder.swift */,
				6FFE370326C02D340027D8BD /* HikingRouter.swift */,
				6FFE370626C02D340027D8BD /* HikingInteractor.swift */,
				6FFE370426C02D340027D8BD /* HikingViewController.swift */,
				6F1A61A826CEBC58009F0BE3 /* View */,
			);
			path = Hiking;
			sourceTree = "<group>";
		};
		BE1225DDDD917DD64D66270D /* Frameworks */ = {
			isa = PBXGroup;
			children = (
				E203C91E2F69C0A937F8A222 /* Pods_Yaho.framework */,
			);
			name = Frameworks;
			sourceTree = "<group>";
		};
/* End PBXGroup section */

/* Begin PBXNativeTarget section */
		6F30D00226416814007C4870 /* Yaho */ = {
			isa = PBXNativeTarget;
			buildConfigurationList = 6F30D02D26416817007C4870 /* Build configuration list for PBXNativeTarget "Yaho" */;
			buildPhases = (
				F2F2F09E83ABEECA82FF3ABC /* [CP] Check Pods Manifest.lock */,
				6F30CFFF26416814007C4870 /* Sources */,
				6F30D00026416814007C4870 /* Frameworks */,
				6F30D00126416814007C4870 /* Resources */,
				8F99BF640DC4E1069738036A /* [CP] Embed Pods Frameworks */,
			);
			buildRules = (
			);
			dependencies = (
			);
			name = Yaho;
			productName = Yaho;
			productReference = 6F30D00326416814007C4870 /* Yaho.app */;
			productType = "com.apple.product-type.application";
		};
		6F30D01826416817007C4870 /* YahoTests */ = {
			isa = PBXNativeTarget;
			buildConfigurationList = 6F30D03026416817007C4870 /* Build configuration list for PBXNativeTarget "YahoTests" */;
			buildPhases = (
				6F30D01526416817007C4870 /* Sources */,
				6F30D01626416817007C4870 /* Frameworks */,
				6F30D01726416817007C4870 /* Resources */,
			);
			buildRules = (
			);
			dependencies = (
				6F30D01B26416817007C4870 /* PBXTargetDependency */,
			);
			name = YahoTests;
			productName = YahoTests;
			productReference = 6F30D01926416817007C4870 /* YahoTests.xctest */;
			productType = "com.apple.product-type.bundle.unit-test";
		};
		6F30D02326416817007C4870 /* YahoUITests */ = {
			isa = PBXNativeTarget;
			buildConfigurationList = 6F30D03326416817007C4870 /* Build configuration list for PBXNativeTarget "YahoUITests" */;
			buildPhases = (
				6F30D02026416817007C4870 /* Sources */,
				6F30D02126416817007C4870 /* Frameworks */,
				6F30D02226416817007C4870 /* Resources */,
			);
			buildRules = (
			);
			dependencies = (
				6F30D02626416817007C4870 /* PBXTargetDependency */,
			);
			name = YahoUITests;
			productName = YahoUITests;
			productReference = 6F30D02426416817007C4870 /* YahoUITests.xctest */;
			productType = "com.apple.product-type.bundle.ui-testing";
		};
/* End PBXNativeTarget section */

/* Begin PBXProject section */
		6F30CFFB26416814007C4870 /* Project object */ = {
			isa = PBXProject;
			attributes = {
				LastSwiftUpdateCheck = 1240;
				LastUpgradeCheck = 1240;
				TargetAttributes = {
					6F30D00226416814007C4870 = {
						CreatedOnToolsVersion = 12.4;
					};
					6F30D01826416817007C4870 = {
						CreatedOnToolsVersion = 12.4;
						TestTargetID = 6F30D00226416814007C4870;
					};
					6F30D02326416817007C4870 = {
						CreatedOnToolsVersion = 12.4;
						TestTargetID = 6F30D00226416814007C4870;
					};
				};
			};
			buildConfigurationList = 6F30CFFE26416814007C4870 /* Build configuration list for PBXProject "Yaho" */;
			compatibilityVersion = "Xcode 9.3";
			developmentRegion = en;
			hasScannedForEncodings = 0;
			knownRegions = (
				en,
				Base,
			);
			mainGroup = 6F30CFFA26416814007C4870;
			productRefGroup = 6F30D00426416814007C4870 /* Products */;
			projectDirPath = "";
			projectRoot = "";
			targets = (
				6F30D00226416814007C4870 /* Yaho */,
				6F30D01826416817007C4870 /* YahoTests */,
				6F30D02326416817007C4870 /* YahoUITests */,
			);
		};
/* End PBXProject section */

/* Begin PBXResourcesBuildPhase section */
		6F30D00126416814007C4870 /* Resources */ = {
			isa = PBXResourcesBuildPhase;
			buildActionMask = 2147483647;
			files = (
				6F6F9229269E4B9600E6923D /* img_16.png in Resources */,
				6F6F9223269E4B9600E6923D /* img_0.png in Resources */,
				6F6F922E269E4B9600E6923D /* img_5.png in Resources */,
				6F03DF8926AA3840002872E9 /* MountainsEmptyView.xib in Resources */,
				6F33EC2926D90B9A00C77E66 /* RecordSectionCell.xib in Resources */,
				6F6F9228269E4B9600E6923D /* img_12.png in Resources */,
				6F33EC2D26D90C5000C77E66 /* RecordDetailView.xib in Resources */,
				6F44CA9F26D696A1008A0AC3 /* Record.storyboard in Resources */,
				6F6F9227269E4B9600E6923D /* img_3.png in Resources */,
				6F1A61AC26CEBC77009F0BE3 /* RestMarkerView.xib in Resources */,
				6F29C85926D7C61900B7343B /* RecordNaviBarCell.xib in Resources */,
				6F30D01326416817007C4870 /* LaunchScreen.storyboard in Resources */,
				6F6F9220269E4B9600E6923D /* data.json in Resources */,
				6F6F9221269E4B9600E6923D /* img_10.png in Resources */,
				6F30D01026416817007C4870 /* Assets.xcassets in Resources */,
				6F6F922B269E4B9600E6923D /* img_6.png in Resources */,
				6F33EC3526D9158F00C77E66 /* RecordCell.xib in Resources */,
				6F29C86326D7E5F800B7343B /* RecordInfoCell.xib in Resources */,
				6F6F9224269E4B9600E6923D /* img_11.png in Resources */,
				6FA140B3269DD124004B0486 /* Home.storyboard in Resources */,
				6F6F922F269E4B9600E6923D /* img_14.png in Resources */,
				6F3680F726921BD500826A07 /* GoogleService-Info.plist in Resources */,
				6F73986C26BC087E0069B0AB /* Trip.storyboard in Resources */,
				6F29C85D26D7E3E200B7343B /* RecordMapCell.xib in Resources */,
				6FCBC85626A06EC300A073CE /* HomeCell.xib in Resources */,
				6F33EC3926D916B200C77E66 /* RecordValueCell.xib in Resources */,
				6F6F922D269E4B9600E6923D /* img_4.png in Resources */,
				6F546C2C26A072B300472099 /* HomeButton.xib in Resources */,
				6F6F922C269E4B9600E6923D /* img_15.png in Resources */,
				6FB2179B2688B4FE0079F109 /* LoggedOut.storyboard in Resources */,
				6F6F9231269E4B9600E6923D /* img_9.png in Resources */,
				6F43A11F26A476F800F45114 /* MountainView.xib in Resources */,
				6F6F9230269E4B9600E6923D /* img_8.png in Resources */,
				6F33EC3126D9121000C77E66 /* RecordTimeCell.xib in Resources */,
				6F6F9225269E4B9600E6923D /* img_13.png in Resources */,
				6F6F9226269E4B9600E6923D /* img_2.png in Resources */,
				6F6F922A269E4B9600E6923D /* img_7.png in Resources */,
				6F30D00E26416814007C4870 /* Main.storyboard in Resources */,
				6F6F9222269E4B9600E6923D /* img_1.png in Resources */,
			);
			runOnlyForDeploymentPostprocessing = 0;
		};
		6F30D01726416817007C4870 /* Resources */ = {
			isa = PBXResourcesBuildPhase;
			buildActionMask = 2147483647;
			files = (
			);
			runOnlyForDeploymentPostprocessing = 0;
		};
		6F30D02226416817007C4870 /* Resources */ = {
			isa = PBXResourcesBuildPhase;
			buildActionMask = 2147483647;
			files = (
			);
			runOnlyForDeploymentPostprocessing = 0;
		};
/* End PBXResourcesBuildPhase section */

/* Begin PBXShellScriptBuildPhase section */
		8F99BF640DC4E1069738036A /* [CP] Embed Pods Frameworks */ = {
			isa = PBXShellScriptBuildPhase;
			buildActionMask = 2147483647;
			files = (
			);
			inputFileListPaths = (
				"${PODS_ROOT}/Target Support Files/Pods-Yaho/Pods-Yaho-frameworks-${CONFIGURATION}-input-files.xcfilelist",
			);
			name = "[CP] Embed Pods Frameworks";
			outputFileListPaths = (
				"${PODS_ROOT}/Target Support Files/Pods-Yaho/Pods-Yaho-frameworks-${CONFIGURATION}-output-files.xcfilelist",
			);
			runOnlyForDeploymentPostprocessing = 0;
			shellPath = /bin/sh;
			shellScript = "\"${PODS_ROOT}/Target Support Files/Pods-Yaho/Pods-Yaho-frameworks.sh\"\n";
			showEnvVarsInLog = 0;
		};
		F2F2F09E83ABEECA82FF3ABC /* [CP] Check Pods Manifest.lock */ = {
			isa = PBXShellScriptBuildPhase;
			buildActionMask = 2147483647;
			files = (
			);
			inputFileListPaths = (
			);
			inputPaths = (
				"${PODS_PODFILE_DIR_PATH}/Podfile.lock",
				"${PODS_ROOT}/Manifest.lock",
			);
			name = "[CP] Check Pods Manifest.lock";
			outputFileListPaths = (
			);
			outputPaths = (
				"$(DERIVED_FILE_DIR)/Pods-Yaho-checkManifestLockResult.txt",
			);
			runOnlyForDeploymentPostprocessing = 0;
			shellPath = /bin/sh;
			shellScript = "diff \"${PODS_PODFILE_DIR_PATH}/Podfile.lock\" \"${PODS_ROOT}/Manifest.lock\" > /dev/null\nif [ $? != 0 ] ; then\n    # print error to STDERR\n    echo \"error: The sandbox is not in sync with the Podfile.lock. Run 'pod install' or update your CocoaPods installation.\" >&2\n    exit 1\nfi\n# This output is used by Xcode 'outputs' to avoid re-running this script phase.\necho \"SUCCESS\" > \"${SCRIPT_OUTPUT_FILE_0}\"\n";
			showEnvVarsInLog = 0;
		};
/* End PBXShellScriptBuildPhase section */

/* Begin PBXSourcesBuildPhase section */
		6F30CFFF26416814007C4870 /* Sources */ = {
			isa = PBXSourcesBuildPhase;
			buildActionMask = 2147483647;
			files = (
				6F43A10B26A1F26000F45114 /* LoggedInViewController.swift in Sources */,
				6F73986926BC08760069B0AB /* CountBuilder.swift in Sources */,
				6F245FAA268CD43D00DD4321 /* RootComponent+LoggedOut.swift in Sources */,
				6FFE370A26C02D340027D8BD /* HikingInteractor.swift in Sources */,
				6F43A0FD26A1F0FE00F45114 /* MountainsBuilder.swift in Sources */,
				6F47F5BF2694A590002558CB /* RootComponent+LoggedIn.swift in Sources */,
				6FC5259526BE5DC9006DBF23 /* HomeComponent+Trip.swift in Sources */,
				6F47F5B82694A284002558CB /* LoggedInRouter.swift in Sources */,
				6FCBC84B26A06C1C00A073CE /* HomeDataSource.swift in Sources */,
				6FFE370726C02D340027D8BD /* HikingRouter.swift in Sources */,
				6FB2179E2688B4FE0079F109 /* LoggedOutInteractor.swift in Sources */,
				6F29C85F26D7E57B00B7343B /* UITableView+.swift in Sources */,
				6F03DF8726AA3835002872E9 /* MountainsEmptyView.swift in Sources */,
				6F47F5BA2694A284002558CB /* LoggedInInteractor.swift in Sources */,
				6F03DF8526AA2B9F002872E9 /* HomeComponent+Mountains.swift in Sources */,
				6FB2178D2688B4B30079F109 /* RootViewController.swift in Sources */,
				6FB2178C2688B4B30079F109 /* RootRouter.swift in Sources */,
				6F90553826A865A5005B07D7 /* Mountain.swift in Sources */,
				6FC5259726BE6068006DBF23 /* TripComponent+Count.swift in Sources */,
				6FA140C4269DD7AB004B0486 /* LoggedInComponent+Home.swift in Sources */,
				6F44CA9726D675F4008A0AC3 /* HikingFinishAnimateViewController.swift in Sources */,
				6F44CAA126D696A1008A0AC3 /* RecordBuilder.swift in Sources */,
				6FB2179D2688B4FE0079F109 /* LoggedOutBuilder.swift in Sources */,
				6FB2178F2688B4B30079F109 /* RootInteractor.swift in Sources */,
				6F47F5B92694A284002558CB /* LoggedInBuilder.swift in Sources */,
				6FA140B6269DD124004B0486 /* HomeInteractor.swift in Sources */,
				6FB217A72688BDD80079F109 /* Designable.swift in Sources */,
				6FFE370D26C02E9A0027D8BD /* TripComponent+Hiking.swift in Sources */,
				6FFE370826C02D340027D8BD /* HikingViewController.swift in Sources */,
				6F73986A26BC08760069B0AB /* CountInteractor.swift in Sources */,
				6F5E3B0B26D1593D002D965F /* VCFactoriable.swift in Sources */,
				6FC5259226BE5D2F006DBF23 /* TripBuilder.swift in Sources */,
				6F44CA9526D66EE4008A0AC3 /* Rx+StoreServiceProtocol.swift in Sources */,
				6F546C2726A072AC00472099 /* HomeButton.swift in Sources */,
				6FB2179A2688B4FE0079F109 /* LoggedOutRouter.swift in Sources */,
				6FA882F826BC152E00CB8F18 /* UIViewController+.swift in Sources */,
				6F44CAA626D699DD008A0AC3 /* RecordDataSource.swift in Sources */,
				6FFB379C26E3889E00AC1F25 /* RecordListInteractor.swift in Sources */,
				6F5E3B0D26D15AD1002D965F /* Completable.swift in Sources */,
				6F33EC3426D9158F00C77E66 /* RecordCell.swift in Sources */,
				6F29C86226D7E5F800B7343B /* RecordInfoCell.swift in Sources */,
				6F75B76026AD449E00CEC9AA /* UIColor+.swift in Sources */,
				6F5E3B0726D15167002D965F /* Record.swift in Sources */,
				6F90552D26A861F2005B07D7 /* ModelProtocol.swift in Sources */,
				6FFB379A26E3889E00AC1F25 /* RecordListViewController.swift in Sources */,
				6F245FB6268CDE5500DD4321 /* Storyboard+.swift in Sources */,
				6F73986826BC08760069B0AB /* CountViewController.swift in Sources */,
				6F43A11726A476F000F45114 /* MountainView.swift in Sources */,
				6F3680F22690B51900826A07 /* LoggedInActionableItem.swift in Sources */,
				6FA140B4269DD124004B0486 /* HomeViewController.swift in Sources */,
				6FC5259326BE5D2F006DBF23 /* TripInteractor.swift in Sources */,
				6F30D00B26416814007C4870 /* ViewController.swift in Sources */,
				6FA140A8269DCBCA004B0486 /* TotalClimbing.swift in Sources */,
				6F33EC3B26D923FB00C77E66 /* VisitCountStream.swift in Sources */,
				6FFE370926C02D340027D8BD /* HikingBuilder.swift in Sources */,
				6F43A0FC26A1F0FE00F45114 /* MountainsViewController.swift in Sources */,
				6F245FBB268CDE8100DD4321 /* Object+.swift in Sources */,
				6F75B76726AD4B3700CEC9AA /* SelectedViewController.swift in Sources */,
				6F33EC2826D90B9A00C77E66 /* RecordSectionCell.swift in Sources */,
				6F29C85826D7C61900B7343B /* RecordNaviBarCell.swift in Sources */,
				6F30D00726416814007C4870 /* AppDelegate.swift in Sources */,
				6F30D00926416814007C4870 /* SceneDelegate.swift in Sources */,
				6F44CAA426D69844008A0AC3 /* TripComponent+Record.swift in Sources */,
				6FA140B2269DD124004B0486 /* HomeRouter.swift in Sources */,
				6F33EC2B26D90C4800C77E66 /* RecordDetailView.swift in Sources */,
				6F75B76826AD4B3700CEC9AA /* SelectedBuilder.swift in Sources */,
				6F47F5E02694AB0D002558CB /* FireStoreManager.swift in Sources */,
				6FFB379926E3889E00AC1F25 /* RecordListRouter.swift in Sources */,
				6F33EC3826D916B200C77E66 /* RecordValueCell.swift in Sources */,
				6FCBC85526A06EC300A073CE /* HomeCell.swift in Sources */,
				6F73986726BC08760069B0AB /* CountRouter.swift in Sources */,
				6F43A0FE26A1F0FE00F45114 /* MountainsInteractor.swift in Sources */,
				6F44CAA226D696A1008A0AC3 /* RecordInteractor.swift in Sources */,
				6F75B76626AD4B3700CEC9AA /* SelectedRouter.swift in Sources */,
				6FA140BF269DD2B8004B0486 /* StoreServiceProtocol.swift in Sources */,
				6F73986126BC000E0069B0AB /* HomeComponent+Selected.swift in Sources */,
				6F44CA9E26D696A1008A0AC3 /* RecordRouter.swift in Sources */,
				6F33EC3026D9121000C77E66 /* RecordTimeCell.swift in Sources */,
				6F5E3B0926D15695002D965F /* HikingAlertFinshViewController.swift in Sources */,
				6F78B14C26D5531500EF6519 /* MountainStream.swift in Sources */,
				6FB2179C2688B4FE0079F109 /* LoggedOutViewController.swift in Sources */,
				6F75B76B26AD555500CEC9AA /* MountainComponent+Selected.swift in Sources */,
				6F245F57268CCF6000DD4321 /* AppComponent.swift in Sources */,
				6FA140B5269DD124004B0486 /* HomeBuilder.swift in Sources */,
				6F3680ED2690B4F000826A07 /* RootActionableItem.swift in Sources */,
				6FFB379B26E3889E00AC1F25 /* RecordListBuilder.swift in Sources */,
				6F6DE74026934E7F00232DF4 /* Rx+.swift in Sources */,
				6F44CAA026D696A1008A0AC3 /* RecordViewController.swift in Sources */,
				6FB2178E2688B4B30079F109 /* RootBuilder.swift in Sources */,
				6FC5259126BE5D2F006DBF23 /* TripRouter.swift in Sources */,
				6F75B76926AD4B3700CEC9AA /* SelectedInteractor.swift in Sources */,
				6F1A61AA26CEBC6E009F0BE3 /* RestMarkerView.swift in Sources */,
				6F78B14E26D5534800EF6519 /* RecordStream.swift in Sources */,
				6FC5258426BE4939006DBF23 /* MountainVisitCount.swift in Sources */,
				6F29C85C26D7E3E200B7343B /* RecordMapCell.swift in Sources */,
				6F03DF8B26AA3A0B002872E9 /* RxCLLocationDelegateProxy.swift in Sources */,
				6F43A0FB26A1F0FE00F45114 /* MountainsRouter.swift in Sources */,
			);
			runOnlyForDeploymentPostprocessing = 0;
		};
		6F30D01526416817007C4870 /* Sources */ = {
			isa = PBXSourcesBuildPhase;
			buildActionMask = 2147483647;
			files = (
				6F30D01E26416817007C4870 /* YahoTests.swift in Sources */,
			);
			runOnlyForDeploymentPostprocessing = 0;
		};
		6F30D02026416817007C4870 /* Sources */ = {
			isa = PBXSourcesBuildPhase;
			buildActionMask = 2147483647;
			files = (
				6F30D02926416817007C4870 /* YahoUITests.swift in Sources */,
			);
			runOnlyForDeploymentPostprocessing = 0;
		};
/* End PBXSourcesBuildPhase section */

/* Begin PBXTargetDependency section */
		6F30D01B26416817007C4870 /* PBXTargetDependency */ = {
			isa = PBXTargetDependency;
			target = 6F30D00226416814007C4870 /* Yaho */;
			targetProxy = 6F30D01A26416817007C4870 /* PBXContainerItemProxy */;
		};
		6F30D02626416817007C4870 /* PBXTargetDependency */ = {
			isa = PBXTargetDependency;
			target = 6F30D00226416814007C4870 /* Yaho */;
			targetProxy = 6F30D02526416817007C4870 /* PBXContainerItemProxy */;
		};
/* End PBXTargetDependency section */

/* Begin PBXVariantGroup section */
		6F30D00C26416814007C4870 /* Main.storyboard */ = {
			isa = PBXVariantGroup;
			children = (
				6F30D00D26416814007C4870 /* Base */,
			);
			name = Main.storyboard;
			sourceTree = "<group>";
		};
		6F30D01126416817007C4870 /* LaunchScreen.storyboard */ = {
			isa = PBXVariantGroup;
			children = (
				6F30D01226416817007C4870 /* Base */,
			);
			name = LaunchScreen.storyboard;
			sourceTree = "<group>";
		};
/* End PBXVariantGroup section */

/* Begin XCBuildConfiguration section */
		6F30D02B26416817007C4870 /* Debug */ = {
			isa = XCBuildConfiguration;
			buildSettings = {
				ALWAYS_SEARCH_USER_PATHS = NO;
				CLANG_ANALYZER_NONNULL = YES;
				CLANG_ANALYZER_NUMBER_OBJECT_CONVERSION = YES_AGGRESSIVE;
				CLANG_CXX_LANGUAGE_STANDARD = "gnu++14";
				CLANG_CXX_LIBRARY = "libc++";
				CLANG_ENABLE_MODULES = YES;
				CLANG_ENABLE_OBJC_ARC = YES;
				CLANG_ENABLE_OBJC_WEAK = YES;
				CLANG_WARN_BLOCK_CAPTURE_AUTORELEASING = YES;
				CLANG_WARN_BOOL_CONVERSION = YES;
				CLANG_WARN_COMMA = YES;
				CLANG_WARN_CONSTANT_CONVERSION = YES;
				CLANG_WARN_DEPRECATED_OBJC_IMPLEMENTATIONS = YES;
				CLANG_WARN_DIRECT_OBJC_ISA_USAGE = YES_ERROR;
				CLANG_WARN_DOCUMENTATION_COMMENTS = YES;
				CLANG_WARN_EMPTY_BODY = YES;
				CLANG_WARN_ENUM_CONVERSION = YES;
				CLANG_WARN_INFINITE_RECURSION = YES;
				CLANG_WARN_INT_CONVERSION = YES;
				CLANG_WARN_NON_LITERAL_NULL_CONVERSION = YES;
				CLANG_WARN_OBJC_IMPLICIT_RETAIN_SELF = YES;
				CLANG_WARN_OBJC_LITERAL_CONVERSION = YES;
				CLANG_WARN_OBJC_ROOT_CLASS = YES_ERROR;
				CLANG_WARN_QUOTED_INCLUDE_IN_FRAMEWORK_HEADER = YES;
				CLANG_WARN_RANGE_LOOP_ANALYSIS = YES;
				CLANG_WARN_STRICT_PROTOTYPES = YES;
				CLANG_WARN_SUSPICIOUS_MOVE = YES;
				CLANG_WARN_UNGUARDED_AVAILABILITY = YES_AGGRESSIVE;
				CLANG_WARN_UNREACHABLE_CODE = YES;
				CLANG_WARN__DUPLICATE_METHOD_MATCH = YES;
				COPY_PHASE_STRIP = NO;
				DEBUG_INFORMATION_FORMAT = dwarf;
				ENABLE_STRICT_OBJC_MSGSEND = YES;
				ENABLE_TESTABILITY = YES;
				GCC_C_LANGUAGE_STANDARD = gnu11;
				GCC_DYNAMIC_NO_PIC = NO;
				GCC_NO_COMMON_BLOCKS = YES;
				GCC_OPTIMIZATION_LEVEL = 0;
				GCC_PREPROCESSOR_DEFINITIONS = (
					"DEBUG=1",
					"$(inherited)",
				);
				GCC_WARN_64_TO_32_BIT_CONVERSION = YES;
				GCC_WARN_ABOUT_RETURN_TYPE = YES_ERROR;
				GCC_WARN_UNDECLARED_SELECTOR = YES;
				GCC_WARN_UNINITIALIZED_AUTOS = YES_AGGRESSIVE;
				GCC_WARN_UNUSED_FUNCTION = YES;
				GCC_WARN_UNUSED_VARIABLE = YES;
				IPHONEOS_DEPLOYMENT_TARGET = 14.4;
				MTL_ENABLE_DEBUG_INFO = INCLUDE_SOURCE;
				MTL_FAST_MATH = YES;
				ONLY_ACTIVE_ARCH = YES;
				SDKROOT = iphoneos;
				SWIFT_ACTIVE_COMPILATION_CONDITIONS = DEBUG;
				SWIFT_OPTIMIZATION_LEVEL = "-Onone";
			};
			name = Debug;
		};
		6F30D02C26416817007C4870 /* Release */ = {
			isa = XCBuildConfiguration;
			buildSettings = {
				ALWAYS_SEARCH_USER_PATHS = NO;
				CLANG_ANALYZER_NONNULL = YES;
				CLANG_ANALYZER_NUMBER_OBJECT_CONVERSION = YES_AGGRESSIVE;
				CLANG_CXX_LANGUAGE_STANDARD = "gnu++14";
				CLANG_CXX_LIBRARY = "libc++";
				CLANG_ENABLE_MODULES = YES;
				CLANG_ENABLE_OBJC_ARC = YES;
				CLANG_ENABLE_OBJC_WEAK = YES;
				CLANG_WARN_BLOCK_CAPTURE_AUTORELEASING = YES;
				CLANG_WARN_BOOL_CONVERSION = YES;
				CLANG_WARN_COMMA = YES;
				CLANG_WARN_CONSTANT_CONVERSION = YES;
				CLANG_WARN_DEPRECATED_OBJC_IMPLEMENTATIONS = YES;
				CLANG_WARN_DIRECT_OBJC_ISA_USAGE = YES_ERROR;
				CLANG_WARN_DOCUMENTATION_COMMENTS = YES;
				CLANG_WARN_EMPTY_BODY = YES;
				CLANG_WARN_ENUM_CONVERSION = YES;
				CLANG_WARN_INFINITE_RECURSION = YES;
				CLANG_WARN_INT_CONVERSION = YES;
				CLANG_WARN_NON_LITERAL_NULL_CONVERSION = YES;
				CLANG_WARN_OBJC_IMPLICIT_RETAIN_SELF = YES;
				CLANG_WARN_OBJC_LITERAL_CONVERSION = YES;
				CLANG_WARN_OBJC_ROOT_CLASS = YES_ERROR;
				CLANG_WARN_QUOTED_INCLUDE_IN_FRAMEWORK_HEADER = YES;
				CLANG_WARN_RANGE_LOOP_ANALYSIS = YES;
				CLANG_WARN_STRICT_PROTOTYPES = YES;
				CLANG_WARN_SUSPICIOUS_MOVE = YES;
				CLANG_WARN_UNGUARDED_AVAILABILITY = YES_AGGRESSIVE;
				CLANG_WARN_UNREACHABLE_CODE = YES;
				CLANG_WARN__DUPLICATE_METHOD_MATCH = YES;
				COPY_PHASE_STRIP = NO;
				DEBUG_INFORMATION_FORMAT = "dwarf-with-dsym";
				ENABLE_NS_ASSERTIONS = NO;
				ENABLE_STRICT_OBJC_MSGSEND = YES;
				GCC_C_LANGUAGE_STANDARD = gnu11;
				GCC_NO_COMMON_BLOCKS = YES;
				GCC_WARN_64_TO_32_BIT_CONVERSION = YES;
				GCC_WARN_ABOUT_RETURN_TYPE = YES_ERROR;
				GCC_WARN_UNDECLARED_SELECTOR = YES;
				GCC_WARN_UNINITIALIZED_AUTOS = YES_AGGRESSIVE;
				GCC_WARN_UNUSED_FUNCTION = YES;
				GCC_WARN_UNUSED_VARIABLE = YES;
				IPHONEOS_DEPLOYMENT_TARGET = 14.4;
				MTL_ENABLE_DEBUG_INFO = NO;
				MTL_FAST_MATH = YES;
				SDKROOT = iphoneos;
				SWIFT_COMPILATION_MODE = wholemodule;
				SWIFT_OPTIMIZATION_LEVEL = "-O";
				VALIDATE_PRODUCT = YES;
			};
			name = Release;
		};
		6F30D02E26416817007C4870 /* Debug */ = {
			isa = XCBuildConfiguration;
			baseConfigurationReference = 1CE1C58B74E8A3A46EF8C06E /* Pods-Yaho.debug.xcconfig */;
			buildSettings = {
				ASSETCATALOG_COMPILER_APPICON_NAME = AppIcon;
				ASSETCATALOG_COMPILER_GLOBAL_ACCENT_COLOR_NAME = AccentColor;
				CODE_SIGN_STYLE = Automatic;
				DEVELOPMENT_TEAM = 594TR8CRP9;
				INFOPLIST_FILE = Yaho/Info.plist;
				IPHONEOS_DEPLOYMENT_TARGET = 13.0;
				LD_RUNPATH_SEARCH_PATHS = (
					"$(inherited)",
					"@executable_path/Frameworks",
				);
				PRODUCT_BUNDLE_IDENTIFIER = JHH.Yaho;
				PRODUCT_NAME = "$(TARGET_NAME)";
				SWIFT_VERSION = 5.0;
				TARGETED_DEVICE_FAMILY = 1;
			};
			name = Debug;
		};
		6F30D02F26416817007C4870 /* Release */ = {
			isa = XCBuildConfiguration;
			baseConfigurationReference = 5778D38566C3967EC2F118DF /* Pods-Yaho.release.xcconfig */;
			buildSettings = {
				ASSETCATALOG_COMPILER_APPICON_NAME = AppIcon;
				ASSETCATALOG_COMPILER_GLOBAL_ACCENT_COLOR_NAME = AccentColor;
				CODE_SIGN_STYLE = Automatic;
				DEVELOPMENT_TEAM = 594TR8CRP9;
				INFOPLIST_FILE = Yaho/Info.plist;
				IPHONEOS_DEPLOYMENT_TARGET = 13.0;
				LD_RUNPATH_SEARCH_PATHS = (
					"$(inherited)",
					"@executable_path/Frameworks",
				);
				PRODUCT_BUNDLE_IDENTIFIER = JHH.Yaho;
				PRODUCT_NAME = "$(TARGET_NAME)";
				SWIFT_VERSION = 5.0;
				TARGETED_DEVICE_FAMILY = 1;
			};
			name = Release;
		};
		6F30D03126416817007C4870 /* Debug */ = {
			isa = XCBuildConfiguration;
			buildSettings = {
				ALWAYS_EMBED_SWIFT_STANDARD_LIBRARIES = YES;
				BUNDLE_LOADER = "$(TEST_HOST)";
				CODE_SIGN_STYLE = Automatic;
				DEVELOPMENT_TEAM = 594TR8CRP9;
				INFOPLIST_FILE = YahoTests/Info.plist;
				IPHONEOS_DEPLOYMENT_TARGET = 14.4;
				LD_RUNPATH_SEARCH_PATHS = (
					"$(inherited)",
					"@executable_path/Frameworks",
					"@loader_path/Frameworks",
				);
				PRODUCT_BUNDLE_IDENTIFIER = JHH.YahoTests;
				PRODUCT_NAME = "$(TARGET_NAME)";
				SWIFT_VERSION = 5.0;
				TARGETED_DEVICE_FAMILY = "1,2";
				TEST_HOST = "$(BUILT_PRODUCTS_DIR)/Yaho.app/Yaho";
			};
			name = Debug;
		};
		6F30D03226416817007C4870 /* Release */ = {
			isa = XCBuildConfiguration;
			buildSettings = {
				ALWAYS_EMBED_SWIFT_STANDARD_LIBRARIES = YES;
				BUNDLE_LOADER = "$(TEST_HOST)";
				CODE_SIGN_STYLE = Automatic;
				DEVELOPMENT_TEAM = 594TR8CRP9;
				INFOPLIST_FILE = YahoTests/Info.plist;
				IPHONEOS_DEPLOYMENT_TARGET = 14.4;
				LD_RUNPATH_SEARCH_PATHS = (
					"$(inherited)",
					"@executable_path/Frameworks",
					"@loader_path/Frameworks",
				);
				PRODUCT_BUNDLE_IDENTIFIER = JHH.YahoTests;
				PRODUCT_NAME = "$(TARGET_NAME)";
				SWIFT_VERSION = 5.0;
				TARGETED_DEVICE_FAMILY = "1,2";
				TEST_HOST = "$(BUILT_PRODUCTS_DIR)/Yaho.app/Yaho";
			};
			name = Release;
		};
		6F30D03426416817007C4870 /* Debug */ = {
			isa = XCBuildConfiguration;
			buildSettings = {
				ALWAYS_EMBED_SWIFT_STANDARD_LIBRARIES = YES;
				CODE_SIGN_STYLE = Automatic;
				DEVELOPMENT_TEAM = 594TR8CRP9;
				INFOPLIST_FILE = YahoUITests/Info.plist;
				LD_RUNPATH_SEARCH_PATHS = (
					"$(inherited)",
					"@executable_path/Frameworks",
					"@loader_path/Frameworks",
				);
				PRODUCT_BUNDLE_IDENTIFIER = JHH.YahoUITests;
				PRODUCT_NAME = "$(TARGET_NAME)";
				SWIFT_VERSION = 5.0;
				TARGETED_DEVICE_FAMILY = "1,2";
				TEST_TARGET_NAME = Yaho;
			};
			name = Debug;
		};
		6F30D03526416817007C4870 /* Release */ = {
			isa = XCBuildConfiguration;
			buildSettings = {
				ALWAYS_EMBED_SWIFT_STANDARD_LIBRARIES = YES;
				CODE_SIGN_STYLE = Automatic;
				DEVELOPMENT_TEAM = 594TR8CRP9;
				INFOPLIST_FILE = YahoUITests/Info.plist;
				LD_RUNPATH_SEARCH_PATHS = (
					"$(inherited)",
					"@executable_path/Frameworks",
					"@loader_path/Frameworks",
				);
				PRODUCT_BUNDLE_IDENTIFIER = JHH.YahoUITests;
				PRODUCT_NAME = "$(TARGET_NAME)";
				SWIFT_VERSION = 5.0;
				TARGETED_DEVICE_FAMILY = "1,2";
				TEST_TARGET_NAME = Yaho;
			};
			name = Release;
		};
/* End XCBuildConfiguration section */

/* Begin XCConfigurationList section */
		6F30CFFE26416814007C4870 /* Build configuration list for PBXProject "Yaho" */ = {
			isa = XCConfigurationList;
			buildConfigurations = (
				6F30D02B26416817007C4870 /* Debug */,
				6F30D02C26416817007C4870 /* Release */,
			);
			defaultConfigurationIsVisible = 0;
			defaultConfigurationName = Release;
		};
		6F30D02D26416817007C4870 /* Build configuration list for PBXNativeTarget "Yaho" */ = {
			isa = XCConfigurationList;
			buildConfigurations = (
				6F30D02E26416817007C4870 /* Debug */,
				6F30D02F26416817007C4870 /* Release */,
			);
			defaultConfigurationIsVisible = 0;
			defaultConfigurationName = Release;
		};
		6F30D03026416817007C4870 /* Build configuration list for PBXNativeTarget "YahoTests" */ = {
			isa = XCConfigurationList;
			buildConfigurations = (
				6F30D03126416817007C4870 /* Debug */,
				6F30D03226416817007C4870 /* Release */,
			);
			defaultConfigurationIsVisible = 0;
			defaultConfigurationName = Release;
		};
		6F30D03326416817007C4870 /* Build configuration list for PBXNativeTarget "YahoUITests" */ = {
			isa = XCConfigurationList;
			buildConfigurations = (
				6F30D03426416817007C4870 /* Debug */,
				6F30D03526416817007C4870 /* Release */,
			);
			defaultConfigurationIsVisible = 0;
			defaultConfigurationName = Release;
		};
/* End XCConfigurationList section */
	};
	rootObject = 6F30CFFB26416814007C4870 /* Project object */;
}
